version = 1
revision = 3
requires-python = "==3.13.*"

[[package]]
name = "annotated-types"
version = "0.7.0"
source = { registry = "https://pypi.org/simple" }
sdist = { url = "https://files.pythonhosted.org/packages/ee/67/531ea369ba64dcff5ec9c3402f9f51bf748cec26dde048a2f973a4eea7f5/annotated_types-0.7.0.tar.gz", hash = "sha256:aff07c09a53a08bc8cfccb9c85b05f1aa9a2a6f23728d790723543408344ce89", size = 16081, upload-time = "2024-05-20T21:33:25.928Z" }
wheels = [
    { url = "https://files.pythonhosted.org/packages/78/b6/6307fbef88d9b5ee7421e68d78a9f162e0da4900bc5f5793f6d3d0e34fb8/annotated_types-0.7.0-py3-none-any.whl", hash = "sha256:1f02e8b43a8fbbc3f3e0d4f0f4bfc8131bcb4eebe8849b8e5c773f3a1c582a53", size = 13643, upload-time = "2024-05-20T21:33:24.1Z" },
]

[[package]]
name = "cffi"
version = "1.17.1"
source = { registry = "https://pypi.org/simple" }
dependencies = [
    { name = "pycparser" },
]
sdist = { url = "https://files.pythonhosted.org/packages/fc/97/c783634659c2920c3fc70419e3af40972dbaf758daa229a7d6ea6135c90d/cffi-1.17.1.tar.gz", hash = "sha256:1c39c6016c32bc48dd54561950ebd6836e1670f2ae46128f67cf49e789c52824", size = 516621, upload-time = "2024-09-04T20:45:21.852Z" }
wheels = [
    { url = "https://files.pythonhosted.org/packages/8d/f8/dd6c246b148639254dad4d6803eb6a54e8c85c6e11ec9df2cffa87571dbe/cffi-1.17.1-cp313-cp313-macosx_10_13_x86_64.whl", hash = "sha256:f3a2b4222ce6b60e2e8b337bb9596923045681d71e5a082783484d845390938e", size = 182989, upload-time = "2024-09-04T20:44:28.956Z" },
    { url = "https://files.pythonhosted.org/packages/8b/f1/672d303ddf17c24fc83afd712316fda78dc6fce1cd53011b839483e1ecc8/cffi-1.17.1-cp313-cp313-macosx_11_0_arm64.whl", hash = "sha256:0984a4925a435b1da406122d4d7968dd861c1385afe3b45ba82b750f229811e2", size = 178802, upload-time = "2024-09-04T20:44:30.289Z" },
    { url = "https://files.pythonhosted.org/packages/0e/2d/eab2e858a91fdff70533cab61dcff4a1f55ec60425832ddfdc9cd36bc8af/cffi-1.17.1-cp313-cp313-manylinux_2_12_i686.manylinux2010_i686.manylinux_2_17_i686.manylinux2014_i686.whl", hash = "sha256:d01b12eeeb4427d3110de311e1774046ad344f5b1a7403101878976ecd7a10f3", size = 454792, upload-time = "2024-09-04T20:44:32.01Z" },
    { url = "https://files.pythonhosted.org/packages/75/b2/fbaec7c4455c604e29388d55599b99ebcc250a60050610fadde58932b7ee/cffi-1.17.1-cp313-cp313-manylinux_2_17_aarch64.manylinux2014_aarch64.whl", hash = "sha256:706510fe141c86a69c8ddc029c7910003a17353970cff3b904ff0686a5927683", size = 478893, upload-time = "2024-09-04T20:44:33.606Z" },
    { url = "https://files.pythonhosted.org/packages/4f/b7/6e4a2162178bf1935c336d4da8a9352cccab4d3a5d7914065490f08c0690/cffi-1.17.1-cp313-cp313-manylinux_2_17_ppc64le.manylinux2014_ppc64le.whl", hash = "sha256:de55b766c7aa2e2a3092c51e0483d700341182f08e67c63630d5b6f200bb28e5", size = 485810, upload-time = "2024-09-04T20:44:35.191Z" },
    { url = "https://files.pythonhosted.org/packages/c7/8a/1d0e4a9c26e54746dc08c2c6c037889124d4f59dffd853a659fa545f1b40/cffi-1.17.1-cp313-cp313-manylinux_2_17_s390x.manylinux2014_s390x.whl", hash = "sha256:c59d6e989d07460165cc5ad3c61f9fd8f1b4796eacbd81cee78957842b834af4", size = 471200, upload-time = "2024-09-04T20:44:36.743Z" },
    { url = "https://files.pythonhosted.org/packages/26/9f/1aab65a6c0db35f43c4d1b4f580e8df53914310afc10ae0397d29d697af4/cffi-1.17.1-cp313-cp313-manylinux_2_17_x86_64.manylinux2014_x86_64.whl", hash = "sha256:dd398dbc6773384a17fe0d3e7eeb8d1a21c2200473ee6806bb5e6a8e62bb73dd", size = 479447, upload-time = "2024-09-04T20:44:38.492Z" },
    { url = "https://files.pythonhosted.org/packages/5f/e4/fb8b3dd8dc0e98edf1135ff067ae070bb32ef9d509d6cb0f538cd6f7483f/cffi-1.17.1-cp313-cp313-musllinux_1_1_aarch64.whl", hash = "sha256:3edc8d958eb099c634dace3c7e16560ae474aa3803a5df240542b305d14e14ed", size = 484358, upload-time = "2024-09-04T20:44:40.046Z" },
    { url = "https://files.pythonhosted.org/packages/f1/47/d7145bf2dc04684935d57d67dff9d6d795b2ba2796806bb109864be3a151/cffi-1.17.1-cp313-cp313-musllinux_1_1_x86_64.whl", hash = "sha256:72e72408cad3d5419375fc87d289076ee319835bdfa2caad331e377589aebba9", size = 488469, upload-time = "2024-09-04T20:44:41.616Z" },
    { url = "https://files.pythonhosted.org/packages/bf/ee/f94057fa6426481d663b88637a9a10e859e492c73d0384514a17d78ee205/cffi-1.17.1-cp313-cp313-win32.whl", hash = "sha256:e03eab0a8677fa80d646b5ddece1cbeaf556c313dcfac435ba11f107ba117b5d", size = 172475, upload-time = "2024-09-04T20:44:43.733Z" },
    { url = "https://files.pythonhosted.org/packages/7c/fc/6a8cb64e5f0324877d503c854da15d76c1e50eb722e320b15345c4d0c6de/cffi-1.17.1-cp313-cp313-win_amd64.whl", hash = "sha256:f6a16c31041f09ead72d69f583767292f750d24913dadacf5756b966aacb3f1a", size = 182009, upload-time = "2024-09-04T20:44:45.309Z" },
]

[[package]]
name = "codetanks-server"
version = "0.5"
source = { editable = "." }
dependencies = [
    { name = "euclid" },
    { name = "fiaas-logging" },
    { name = "grpcio" },
    { name = "pinject" },
    { name = "protobuf" },
    { name = "pydantic-settings" },
    { name = "pygame" },
    { name = "pyzmq" },
    { name = "setuptools" },
]

[package.dev-dependencies]
dev = [
    { name = "grpcio-tools" },
    { name = "mock" },
    { name = "pytest" },
]

[package.metadata]
requires-dist = [
    { name = "euclid", git = "https://github.com/euclid3/euclid3" },
    { name = "fiaas-logging", specifier = "==0.1.1" },
    { name = "grpcio", specifier = "==1.76.0" },
    { name = "pinject" },
    { name = "protobuf", specifier = "==6.33.2" },
    { name = "pydantic-settings", specifier = ">=2.8.1" },
    { name = "pygame" },
    { name = "pyzmq" },
    { name = "setuptools", specifier = ">=78.1.0" },
]

[package.metadata.requires-dev]
dev = [
    { name = "grpcio-tools", specifier = "==1.76.0" },
    { name = "mock", specifier = ">=5.2.0" },
    { name = "pytest", specifier = ">=8.3.5" },
]

[[package]]
name = "colorama"
version = "0.4.6"
source = { registry = "https://pypi.org/simple" }
sdist = { url = "https://files.pythonhosted.org/packages/d8/53/6f443c9a4a8358a93a6792e2acffb9d9d5cb0a5cfd8802644b7b1c9a02e4/colorama-0.4.6.tar.gz", hash = "sha256:08695f5cb7ed6e0531a20572697297273c47b8cae5a63ffc6d6ed5c201be6e44", size = 27697, upload-time = "2022-10-25T02:36:22.414Z" }
wheels = [
    { url = "https://files.pythonhosted.org/packages/d1/d6/3965ed04c63042e047cb6a3e6ed1a63a35087b6a609aa3a15ed8ac56c221/colorama-0.4.6-py2.py3-none-any.whl", hash = "sha256:4f1d9991f5acc0ca119f9d443620b77f9d6b33703e51011c16baf57afb285fc6", size = 25335, upload-time = "2022-10-25T02:36:20.889Z" },
]

[[package]]
name = "decorator"
version = "5.2.1"
source = { registry = "https://pypi.org/simple" }
sdist = { url = "https://files.pythonhosted.org/packages/43/fa/6d96a0978d19e17b68d634497769987b16c8f4cd0a7a05048bec693caa6b/decorator-5.2.1.tar.gz", hash = "sha256:65f266143752f734b0a7cc83c46f4618af75b8c5911b00ccb61d0ac9b6da0360", size = 56711, upload-time = "2025-02-24T04:41:34.073Z" }
wheels = [
    { url = "https://files.pythonhosted.org/packages/4e/8c/f3147f5c4b73e7550fe5f9352eaa956ae838d5c51eb58e7a25b9f3e2643b/decorator-5.2.1-py3-none-any.whl", hash = "sha256:d316bb415a2d9e2d2b3abcc4084c6502fc09240e292cd76a76afc106a1c8e04a", size = 9190, upload-time = "2025-02-24T04:41:32.565Z" },
]

[[package]]
name = "euclid"
version = "0.2.0"
source = { git = "https://github.com/euclid3/euclid3#02b5932d43bafc93833605d0bf1887d6734973c5" }

[[package]]
name = "fiaas-logging"
version = "0.1.1"
source = { registry = "https://pypi.org/simple" }
sdist = { url = "https://files.pythonhosted.org/packages/93/d3/4c34df421a5c1cc704175c8547d99c57cc185ef81baaa449b0ae34de73d0/fiaas-logging-0.1.1.tar.gz", hash = "sha256:436c6448f15307cd79552ef1035f4f69c5fb6e0586ab01d55847b3e6cf2717e5", size = 12757, upload-time = "2020-03-08T20:46:37.708Z" }
wheels = [
    { url = "https://files.pythonhosted.org/packages/3c/a4/bf2b48bf3c8e8e85521a3660f6c0ac65fa1cf51e7b361b95d5e6618134de/fiaas_logging-0.1.1-py2.py3-none-any.whl", hash = "sha256:47bf999d3734f066fe9911bbc65dbae2576790554e22038615f802322f10b9c1", size = 8632, upload-time = "2020-03-08T20:46:35.458Z" },
]

[[package]]
name = "grpcio"
version = "1.76.0"
source = { registry = "https://pypi.org/simple" }
dependencies = [
    { name = "typing-extensions" },
]
sdist = { url = "https://files.pythonhosted.org/packages/b6/e0/318c1ce3ae5a17894d5791e87aea147587c9e702f24122cc7a5c8bbaeeb1/grpcio-1.76.0.tar.gz", hash = "sha256:7be78388d6da1a25c0d5ec506523db58b18be22d9c37d8d3a32c08be4987bd73", size = 12785182, upload-time = "2025-10-21T16:23:12.106Z" }
wheels = [
    { url = "https://files.pythonhosted.org/packages/fc/ed/71467ab770effc9e8cef5f2e7388beb2be26ed642d567697bb103a790c72/grpcio-1.76.0-cp313-cp313-linux_armv7l.whl", hash = "sha256:26ef06c73eb53267c2b319f43e6634c7556ea37672029241a056629af27c10e2", size = 5807716, upload-time = "2025-10-21T16:21:48.475Z" },
    { url = "https://files.pythonhosted.org/packages/2c/85/c6ed56f9817fab03fa8a111ca91469941fb514e3e3ce6d793cb8f1e1347b/grpcio-1.76.0-cp313-cp313-macosx_11_0_universal2.whl", hash = "sha256:45e0111e73f43f735d70786557dc38141185072d7ff8dc1829d6a77ac1471468", size = 11821522, upload-time = "2025-10-21T16:21:51.142Z" },
    { url = "https://files.pythonhosted.org/packages/ac/31/2b8a235ab40c39cbc141ef647f8a6eb7b0028f023015a4842933bc0d6831/grpcio-1.76.0-cp313-cp313-manylinux2014_aarch64.manylinux_2_17_aarch64.whl", hash = "sha256:83d57312a58dcfe2a3a0f9d1389b299438909a02db60e2f2ea2ae2d8034909d3", size = 6362558, upload-time = "2025-10-21T16:21:54.213Z" },
    { url = "https://files.pythonhosted.org/packages/bd/64/9784eab483358e08847498ee56faf8ff6ea8e0a4592568d9f68edc97e9e9/grpcio-1.76.0-cp313-cp313-manylinux2014_i686.manylinux_2_17_i686.whl", hash = "sha256:3e2a27c89eb9ac3d81ec8835e12414d73536c6e620355d65102503064a4ed6eb", size = 7049990, upload-time = "2025-10-21T16:21:56.476Z" },
    { url = "https://files.pythonhosted.org/packages/2b/94/8c12319a6369434e7a184b987e8e9f3b49a114c489b8315f029e24de4837/grpcio-1.76.0-cp313-cp313-manylinux2014_x86_64.manylinux_2_17_x86_64.whl", hash = "sha256:61f69297cba3950a524f61c7c8ee12e55c486cb5f7db47ff9dcee33da6f0d3ae", size = 6575387, upload-time = "2025-10-21T16:21:59.051Z" },
    { url = "https://files.pythonhosted.org/packages/15/0f/f12c32b03f731f4a6242f771f63039df182c8b8e2cf8075b245b409259d4/grpcio-1.76.0-cp313-cp313-musllinux_1_2_aarch64.whl", hash = "sha256:6a15c17af8839b6801d554263c546c69c4d7718ad4321e3166175b37eaacca77", size = 7166668, upload-time = "2025-10-21T16:22:02.049Z" },
    { url = "https://files.pythonhosted.org/packages/ff/2d/3ec9ce0c2b1d92dd59d1c3264aaec9f0f7c817d6e8ac683b97198a36ed5a/grpcio-1.76.0-cp313-cp313-musllinux_1_2_i686.whl", hash = "sha256:25a18e9810fbc7e7f03ec2516addc116a957f8cbb8cbc95ccc80faa072743d03", size = 8124928, upload-time = "2025-10-21T16:22:04.984Z" },
    { url = "https://files.pythonhosted.org/packages/1a/74/fd3317be5672f4856bcdd1a9e7b5e17554692d3db9a3b273879dc02d657d/grpcio-1.76.0-cp313-cp313-musllinux_1_2_x86_64.whl", hash = "sha256:931091142fd8cc14edccc0845a79248bc155425eee9a98b2db2ea4f00a235a42", size = 7589983, upload-time = "2025-10-21T16:22:07.881Z" },
    { url = "https://files.pythonhosted.org/packages/45/bb/ca038cf420f405971f19821c8c15bcbc875505f6ffadafe9ffd77871dc4c/grpcio-1.76.0-cp313-cp313-win32.whl", hash = "sha256:5e8571632780e08526f118f74170ad8d50fb0a48c23a746bef2a6ebade3abd6f", size = 3984727, upload-time = "2025-10-21T16:22:10.032Z" },
    { url = "https://files.pythonhosted.org/packages/41/80/84087dc56437ced7cdd4b13d7875e7439a52a261e3ab4e06488ba6173b0a/grpcio-1.76.0-cp313-cp313-win_amd64.whl", hash = "sha256:f9f7bd5faab55f47231ad8dba7787866b69f5e93bc306e3915606779bbfb4ba8", size = 4702799, upload-time = "2025-10-21T16:22:12.709Z" },
]

[[package]]
name = "grpcio-tools"
version = "1.76.0"
source = { registry = "https://pypi.org/simple" }
dependencies = [
    { name = "grpcio" },
    { name = "protobuf" },
    { name = "setuptools" },
]
sdist = { url = "https://files.pythonhosted.org/packages/a0/77/17d60d636ccd86a0db0eccc24d02967bbc3eea86b9db7324b04507ebaa40/grpcio_tools-1.76.0.tar.gz", hash = "sha256:ce80169b5e6adf3e8302f3ebb6cb0c3a9f08089133abca4b76ad67f751f5ad88", size = 5390807, upload-time = "2025-10-21T16:26:55.416Z" }
wheels = [
    { url = "https://files.pythonhosted.org/packages/13/01/b16fe73f129df49811d886dc99d3813a33cf4d1c6e101252b81c895e929f/grpcio_tools-1.76.0-cp313-cp313-linux_armv7l.whl", hash = "sha256:ff48969f81858397ef33a36b326f2dbe2053a48b254593785707845db73c8f44", size = 2546312, upload-time = "2025-10-21T16:25:37.138Z" },
    { url = "https://files.pythonhosted.org/packages/25/17/2594c5feb76bb0b25bfbf91ec1075b276e1b2325e4bc7ea649a7b5dbf353/grpcio_tools-1.76.0-cp313-cp313-macosx_11_0_universal2.whl", hash = "sha256:aa2f030fd0ef17926026ee8e2b700e388d3439155d145c568fa6b32693277613", size = 5839627, upload-time = "2025-10-21T16:25:40.082Z" },
    { url = "https://files.pythonhosted.org/packages/c7/c6/097b1aa26fbf72fb3cdb30138a2788529e4f10d8759de730a83f5c06726e/grpcio_tools-1.76.0-cp313-cp313-manylinux2014_aarch64.manylinux_2_17_aarch64.whl", hash = "sha256:bacbf3c54f88c38de8e28f8d9b97c90b76b105fb9ddef05d2c50df01b32b92af", size = 2592817, upload-time = "2025-10-21T16:25:42.301Z" },
    { url = "https://files.pythonhosted.org/packages/03/78/d1d985b48592a674509a85438c1a3d4c36304ddfc99d1b05d27233b51062/grpcio_tools-1.76.0-cp313-cp313-manylinux2014_i686.manylinux_2_17_i686.whl", hash = "sha256:0d4e4afe9a0e3c24fad2f1af45f98cf8700b2bfc4d790795756ba035d2ea7bdc", size = 2905186, upload-time = "2025-10-21T16:25:44.395Z" },
    { url = "https://files.pythonhosted.org/packages/b9/0e/770afbb47f0b5f594b93a7b46a95b892abda5eebe60efb511e96cee52170/grpcio_tools-1.76.0-cp313-cp313-manylinux2014_x86_64.manylinux_2_17_x86_64.whl", hash = "sha256:fbbd4e1fc5af98001ceef5e780e8c10921d94941c3809238081e73818ef707f1", size = 2656188, upload-time = "2025-10-21T16:25:46.942Z" },
    { url = "https://files.pythonhosted.org/packages/3d/2b/017c2fcf4c5d3cf00cf7d5ce21eb88521de0d89bdcf26538ad2862ec6d07/grpcio_tools-1.76.0-cp313-cp313-musllinux_1_2_aarch64.whl", hash = "sha256:b05efe5a59883ab8292d596657273a60e0c3e4f5a9723c32feb9fc3a06f2f3ef", size = 3109141, upload-time = "2025-10-21T16:25:49.137Z" },
    { url = "https://files.pythonhosted.org/packages/e9/5f/2495f88e3d50c6f2c2da2752bad4fa3a30c52ece6c9d8b0c636cd8b1430b/grpcio_tools-1.76.0-cp313-cp313-musllinux_1_2_i686.whl", hash = "sha256:be483b90e62b7892eb71fa1fc49750bee5b2ee35b5ec99dd2b32bed4bedb5d71", size = 3657892, upload-time = "2025-10-21T16:25:52.362Z" },
    { url = "https://files.pythonhosted.org/packages/5e/1d/c4f39d31b19d9baf35d900bf3f969ce1c842f63a8560c8003ed2e5474760/grpcio_tools-1.76.0-cp313-cp313-musllinux_1_2_x86_64.whl", hash = "sha256:630cd7fd3e8a63e20703a7ad816979073c2253e591b5422583c27cae2570de73", size = 3324778, upload-time = "2025-10-21T16:25:54.629Z" },
    { url = "https://files.pythonhosted.org/packages/b4/b6/35ee3a6e4af85a93da28428f81f4b29bcb36f6986b486ad71910fcc02e25/grpcio_tools-1.76.0-cp313-cp313-win32.whl", hash = "sha256:eb2567280f9f6da5444043f0e84d8408c7a10df9ba3201026b30e40ef3814736", size = 993084, upload-time = "2025-10-21T16:25:56.52Z" },
    { url = "https://files.pythonhosted.org/packages/f3/7a/5bd72344d86ee860e5920c9a7553cfe3bc7b1fce79f18c00ac2497f5799f/grpcio_tools-1.76.0-cp313-cp313-win_amd64.whl", hash = "sha256:0071b1c0bd0f5f9d292dca4efab32c92725d418e57f9c60acdc33c0172af8b53", size = 1158151, upload-time = "2025-10-21T16:25:58.468Z" },
]

[[package]]
name = "iniconfig"
version = "2.1.0"
source = { registry = "https://pypi.org/simple" }
sdist = { url = "https://files.pythonhosted.org/packages/f2/97/ebf4da567aa6827c909642694d71c9fcf53e5b504f2d96afea02718862f3/iniconfig-2.1.0.tar.gz", hash = "sha256:3abbd2e30b36733fee78f9c7f7308f2d0050e88f0087fd25c2645f63c773e1c7", size = 4793, upload-time = "2025-03-19T20:09:59.721Z" }
wheels = [
    { url = "https://files.pythonhosted.org/packages/2c/e1/e6716421ea10d38022b952c159d5161ca1193197fb744506875fbb87ea7b/iniconfig-2.1.0-py3-none-any.whl", hash = "sha256:9deba5723312380e77435581c6bf4935c94cbfab9b1ed33ef8d238ea168eb760", size = 6050, upload-time = "2025-03-19T20:10:01.071Z" },
]

[[package]]
name = "mock"
version = "5.2.0"
source = { registry = "https://pypi.org/simple" }
sdist = { url = "https://files.pythonhosted.org/packages/07/8c/14c2ae915e5f9dca5a22edd68b35be94400719ccfa068a03e0fb63d0f6f6/mock-5.2.0.tar.gz", hash = "sha256:4e460e818629b4b173f32d08bf30d3af8123afbb8e04bb5707a1fd4799e503f0", size = 92796, upload-time = "2025-03-03T12:31:42.911Z" }
wheels = [
    { url = "https://files.pythonhosted.org/packages/bd/d9/617e6af809bf3a1d468e0d58c3997b1dc219a9a9202e650d30c2fc85d481/mock-5.2.0-py3-none-any.whl", hash = "sha256:7ba87f72ca0e915175596069dbbcc7c75af7b5e9b9bc107ad6349ede0819982f", size = 31617, upload-time = "2025-03-03T12:31:41.518Z" },
]

[[package]]
name = "packaging"
version = "24.2"
source = { registry = "https://pypi.org/simple" }
sdist = { url = "https://files.pythonhosted.org/packages/d0/63/68dbb6eb2de9cb10ee4c9c14a0148804425e13c4fb20d61cce69f53106da/packaging-24.2.tar.gz", hash = "sha256:c228a6dc5e932d346bc5739379109d49e8853dd8223571c7c5b55260edc0b97f", size = 163950, upload-time = "2024-11-08T09:47:47.202Z" }
wheels = [
    { url = "https://files.pythonhosted.org/packages/88/ef/eb23f262cca3c0c4eb7ab1933c3b1f03d021f2c48f54763065b6f0e321be/packaging-24.2-py3-none-any.whl", hash = "sha256:09abb1bccd265c01f4a3aa3f7a7db064b36514d2cba19a2f694fe6150451a759", size = 65451, upload-time = "2024-11-08T09:47:44.722Z" },
]

[[package]]
name = "pinject"
version = "0.14.1"
source = { registry = "https://pypi.org/simple" }
dependencies = [
    { name = "decorator" },
    { name = "six" },
]
sdist = { url = "https://files.pythonhosted.org/packages/4c/4e/5e311f48898e22e2116c53739e91c20477993f50da21b603259b72c3a65b/pinject-0.14.1.tar.gz", hash = "sha256:0f0a0b14f9df87a85b529a21cdaf530269b1f24fb303d418583a12bb53f69382", size = 60348, upload-time = "2019-05-25T08:04:39.794Z" }
wheels = [
    { url = "https://files.pythonhosted.org/packages/fd/67/9025a31cbadca4d88880a6856b9b3052e970981d49dc9fa3f9ee46793022/pinject-0.14.1-py3-none-any.whl", hash = "sha256:dfc4981a36d3f7cf2fa82bd8922f713c769004fe7af935def3e2a52147aeda66", size = 42979, upload-time = "2019-05-25T08:04:36.73Z" },
]

[[package]]
name = "pluggy"
version = "1.5.0"
source = { registry = "https://pypi.org/simple" }
sdist = { url = "https://files.pythonhosted.org/packages/96/2d/02d4312c973c6050a18b314a5ad0b3210edb65a906f868e31c111dede4a6/pluggy-1.5.0.tar.gz", hash = "sha256:2cffa88e94fdc978c4c574f15f9e59b7f4201d439195c3715ca9e2486f1d0cf1", size = 67955, upload-time = "2024-04-20T21:34:42.531Z" }
wheels = [
    { url = "https://files.pythonhosted.org/packages/88/5f/e351af9a41f866ac3f1fac4ca0613908d9a41741cfcf2228f4ad853b697d/pluggy-1.5.0-py3-none-any.whl", hash = "sha256:44e1ad92c8ca002de6377e165f3e0f1be63266ab4d554740532335b9d75ea669", size = 20556, upload-time = "2024-04-20T21:34:40.434Z" },
]

[[package]]
name = "protobuf"
version = "6.33.2"
source = { registry = "https://pypi.org/simple" }
sdist = { url = "https://files.pythonhosted.org/packages/34/44/e49ecff446afeec9d1a66d6bbf9adc21e3c7cea7803a920ca3773379d4f6/protobuf-6.33.2.tar.gz", hash = "sha256:56dc370c91fbb8ac85bc13582c9e373569668a290aa2e66a590c2a0d35ddb9e4", size = 444296, upload-time = "2025-12-06T00:17:53.311Z" }
wheels = [
    { url = "https://files.pythonhosted.org/packages/bc/91/1e3a34881a88697a7354ffd177e8746e97a722e5e8db101544b47e84afb1/protobuf-6.33.2-cp310-abi3-win32.whl", hash = "sha256:87eb388bd2d0f78febd8f4c8779c79247b26a5befad525008e49a6955787ff3d", size = 425603, upload-time = "2025-12-06T00:17:41.114Z" },
    { url = "https://files.pythonhosted.org/packages/64/20/4d50191997e917ae13ad0a235c8b42d8c1ab9c3e6fd455ca16d416944355/protobuf-6.33.2-cp310-abi3-win_amd64.whl", hash = "sha256:fc2a0e8b05b180e5fc0dd1559fe8ebdae21a27e81ac77728fb6c42b12c7419b4", size = 436930, upload-time = "2025-12-06T00:17:43.278Z" },
    { url = "https://files.pythonhosted.org/packages/b2/ca/7e485da88ba45c920fb3f50ae78de29ab925d9e54ef0de678306abfbb497/protobuf-6.33.2-cp39-abi3-macosx_10_9_universal2.whl", hash = "sha256:d9b19771ca75935b3a4422957bc518b0cecb978b31d1dd12037b088f6bcc0e43", size = 427621, upload-time = "2025-12-06T00:17:44.445Z" },
    { url = "https://files.pythonhosted.org/packages/7d/4f/f743761e41d3b2b2566748eb76bbff2b43e14d5fcab694f494a16458b05f/protobuf-6.33.2-cp39-abi3-manylinux2014_aarch64.whl", hash = "sha256:b5d3b5625192214066d99b2b605f5783483575656784de223f00a8d00754fc0e", size = 324460, upload-time = "2025-12-06T00:17:45.678Z" },
    { url = "https://files.pythonhosted.org/packages/b1/fa/26468d00a92824020f6f2090d827078c09c9c587e34cbfd2d0c7911221f8/protobuf-6.33.2-cp39-abi3-manylinux2014_s390x.whl", hash = "sha256:8cd7640aee0b7828b6d03ae518b5b4806fdfc1afe8de82f79c3454f8aef29872", size = 339168, upload-time = "2025-12-06T00:17:46.813Z" },
    { url = "https://files.pythonhosted.org/packages/56/13/333b8f421738f149d4fe5e49553bc2a2ab75235486259f689b4b91f96cec/protobuf-6.33.2-cp39-abi3-manylinux2014_x86_64.whl", hash = "sha256:1f8017c48c07ec5859106533b682260ba3d7c5567b1ca1f24297ce03384d1b4f", size = 323270, upload-time = "2025-12-06T00:17:48.253Z" },
    { url = "https://files.pythonhosted.org/packages/0e/15/4f02896cc3df04fc465010a4c6a0cd89810f54617a32a70ef531ed75d61c/protobuf-6.33.2-py3-none-any.whl", hash = "sha256:7636aad9bb01768870266de5dc009de2d1b936771b38a793f73cbbf279c91c5c", size = 170501, upload-time = "2025-12-06T00:17:52.211Z" },
]

[[package]]
name = "pycparser"
version = "2.22"
source = { registry = "https://pypi.org/simple" }
sdist = { url = "https://files.pythonhosted.org/packages/1d/b2/31537cf4b1ca988837256c910a668b553fceb8f069bedc4b1c826024b52c/pycparser-2.22.tar.gz", hash = "sha256:491c8be9c040f5390f5bf44a5b07752bd07f56edf992381b05c701439eec10f6", size = 172736, upload-time = "2024-03-30T13:22:22.564Z" }
wheels = [
    { url = "https://files.pythonhosted.org/packages/13/a3/a812df4e2dd5696d1f351d58b8fe16a405b234ad2886a0dab9183fb78109/pycparser-2.22-py3-none-any.whl", hash = "sha256:c3702b6d3dd8c7abc1afa565d7e63d53a1d0bd86cdc24edd75470f4de499cfcc", size = 117552, upload-time = "2024-03-30T13:22:20.476Z" },
]

[[package]]
name = "pydantic"
version = "2.11.3"
source = { registry = "https://pypi.org/simple" }
dependencies = [
    { name = "annotated-types" },
    { name = "pydantic-core" },
    { name = "typing-extensions" },
    { name = "typing-inspection" },
]
sdist = { url = "https://files.pythonhosted.org/packages/10/2e/ca897f093ee6c5f3b0bee123ee4465c50e75431c3d5b6a3b44a47134e891/pydantic-2.11.3.tar.gz", hash = "sha256:7471657138c16adad9322fe3070c0116dd6c3ad8d649300e3cbdfe91f4db4ec3", size = 785513, upload-time = "2025-04-08T13:27:06.399Z" }
wheels = [
    { url = "https://files.pythonhosted.org/packages/b0/1d/407b29780a289868ed696d1616f4aad49d6388e5a77f567dcd2629dcd7b8/pydantic-2.11.3-py3-none-any.whl", hash = "sha256:a082753436a07f9ba1289c6ffa01cd93db3548776088aa917cc43b63f68fa60f", size = 443591, upload-time = "2025-04-08T13:27:03.789Z" },
]

[[package]]
name = "pydantic-core"
version = "2.33.1"
source = { registry = "https://pypi.org/simple" }
dependencies = [
    { name = "typing-extensions" },
]
sdist = { url = "https://files.pythonhosted.org/packages/17/19/ed6a078a5287aea7922de6841ef4c06157931622c89c2a47940837b5eecd/pydantic_core-2.33.1.tar.gz", hash = "sha256:bcc9c6fdb0ced789245b02b7d6603e17d1563064ddcfc36f046b61c0c05dd9df", size = 434395, upload-time = "2025-04-02T09:49:41.8Z" }
wheels = [
    { url = "https://files.pythonhosted.org/packages/7a/24/eed3466a4308d79155f1cdd5c7432c80ddcc4530ba8623b79d5ced021641/pydantic_core-2.33.1-cp313-cp313-macosx_10_12_x86_64.whl", hash = "sha256:70af6a21237b53d1fe7b9325b20e65cbf2f0a848cf77bed492b029139701e66a", size = 2033551, upload-time = "2025-04-02T09:47:51.648Z" },
    { url = "https://files.pythonhosted.org/packages/ab/14/df54b1a0bc9b6ded9b758b73139d2c11b4e8eb43e8ab9c5847c0a2913ada/pydantic_core-2.33.1-cp313-cp313-macosx_11_0_arm64.whl", hash = "sha256:282b3fe1bbbe5ae35224a0dbd05aed9ccabccd241e8e6b60370484234b456266", size = 1852785, upload-time = "2025-04-02T09:47:53.149Z" },
    { url = "https://files.pythonhosted.org/packages/fa/96/e275f15ff3d34bb04b0125d9bc8848bf69f25d784d92a63676112451bfb9/pydantic_core-2.33.1-cp313-cp313-manylinux_2_17_aarch64.manylinux2014_aarch64.whl", hash = "sha256:4b315e596282bbb5822d0c7ee9d255595bd7506d1cb20c2911a4da0b970187d3", size = 1897758, upload-time = "2025-04-02T09:47:55.006Z" },
    { url = "https://files.pythonhosted.org/packages/b7/d8/96bc536e975b69e3a924b507d2a19aedbf50b24e08c80fb00e35f9baaed8/pydantic_core-2.33.1-cp313-cp313-manylinux_2_17_armv7l.manylinux2014_armv7l.whl", hash = "sha256:1dfae24cf9921875ca0ca6a8ecb4bb2f13c855794ed0d468d6abbec6e6dcd44a", size = 1986109, upload-time = "2025-04-02T09:47:56.532Z" },
    { url = "https://files.pythonhosted.org/packages/90/72/ab58e43ce7e900b88cb571ed057b2fcd0e95b708a2e0bed475b10130393e/pydantic_core-2.33.1-cp313-cp313-manylinux_2_17_ppc64le.manylinux2014_ppc64le.whl", hash = "sha256:6dd8ecfde08d8bfadaea669e83c63939af76f4cf5538a72597016edfa3fad516", size = 2129159, upload-time = "2025-04-02T09:47:58.088Z" },
    { url = "https://files.pythonhosted.org/packages/dc/3f/52d85781406886c6870ac995ec0ba7ccc028b530b0798c9080531b409fdb/pydantic_core-2.33.1-cp313-cp313-manylinux_2_17_s390x.manylinux2014_s390x.whl", hash = "sha256:2f593494876eae852dc98c43c6f260f45abdbfeec9e4324e31a481d948214764", size = 2680222, upload-time = "2025-04-02T09:47:59.591Z" },
    { url = "https://files.pythonhosted.org/packages/f4/56/6e2ef42f363a0eec0fd92f74a91e0ac48cd2e49b695aac1509ad81eee86a/pydantic_core-2.33.1-cp313-cp313-manylinux_2_17_x86_64.manylinux2014_x86_64.whl", hash = "sha256:948b73114f47fd7016088e5186d13faf5e1b2fe83f5e320e371f035557fd264d", size = 2006980, upload-time = "2025-04-02T09:48:01.397Z" },
    { url = "https://files.pythonhosted.org/packages/4c/c0/604536c4379cc78359f9ee0aa319f4aedf6b652ec2854953f5a14fc38c5a/pydantic_core-2.33.1-cp313-cp313-manylinux_2_5_i686.manylinux1_i686.whl", hash = "sha256:e11f3864eb516af21b01e25fac915a82e9ddad3bb0fb9e95a246067398b435a4", size = 2120840, upload-time = "2025-04-02T09:48:03.056Z" },
    { url = "https://files.pythonhosted.org/packages/1f/46/9eb764814f508f0edfb291a0f75d10854d78113fa13900ce13729aaec3ae/pydantic_core-2.33.1-cp313-cp313-musllinux_1_1_aarch64.whl", hash = "sha256:549150be302428b56fdad0c23c2741dcdb5572413776826c965619a25d9c6bde", size = 2072518, upload-time = "2025-04-02T09:48:04.662Z" },
    { url = "https://files.pythonhosted.org/packages/42/e3/fb6b2a732b82d1666fa6bf53e3627867ea3131c5f39f98ce92141e3e3dc1/pydantic_core-2.33.1-cp313-cp313-musllinux_1_1_armv7l.whl", hash = "sha256:495bc156026efafd9ef2d82372bd38afce78ddd82bf28ef5276c469e57c0c83e", size = 2248025, upload-time = "2025-04-02T09:48:06.226Z" },
    { url = "https://files.pythonhosted.org/packages/5c/9d/fbe8fe9d1aa4dac88723f10a921bc7418bd3378a567cb5e21193a3c48b43/pydantic_core-2.33.1-cp313-cp313-musllinux_1_1_x86_64.whl", hash = "sha256:ec79de2a8680b1a67a07490bddf9636d5c2fab609ba8c57597e855fa5fa4dacd", size = 2254991, upload-time = "2025-04-02T09:48:08.114Z" },
    { url = "https://files.pythonhosted.org/packages/aa/99/07e2237b8a66438d9b26482332cda99a9acccb58d284af7bc7c946a42fd3/pydantic_core-2.33.1-cp313-cp313-win32.whl", hash = "sha256:ee12a7be1742f81b8a65b36c6921022301d466b82d80315d215c4c691724986f", size = 1915262, upload-time = "2025-04-02T09:48:09.708Z" },
    { url = "https://files.pythonhosted.org/packages/8a/f4/e457a7849beeed1e5defbcf5051c6f7b3c91a0624dd31543a64fc9adcf52/pydantic_core-2.33.1-cp313-cp313-win_amd64.whl", hash = "sha256:ede9b407e39949d2afc46385ce6bd6e11588660c26f80576c11c958e6647bc40", size = 1956626, upload-time = "2025-04-02T09:48:11.288Z" },
    { url = "https://files.pythonhosted.org/packages/20/d0/e8d567a7cff7b04e017ae164d98011f1e1894269fe8e90ea187a3cbfb562/pydantic_core-2.33.1-cp313-cp313-win_arm64.whl", hash = "sha256:aa687a23d4b7871a00e03ca96a09cad0f28f443690d300500603bd0adba4b523", size = 1909590, upload-time = "2025-04-02T09:48:12.861Z" },
    { url = "https://files.pythonhosted.org/packages/ef/fd/24ea4302d7a527d672c5be06e17df16aabfb4e9fdc6e0b345c21580f3d2a/pydantic_core-2.33.1-cp313-cp313t-macosx_11_0_arm64.whl", hash = "sha256:401d7b76e1000d0dd5538e6381d28febdcacb097c8d340dde7d7fc6e13e9f95d", size = 1812963, upload-time = "2025-04-02T09:48:14.553Z" },
    { url = "https://files.pythonhosted.org/packages/5f/95/4fbc2ecdeb5c1c53f1175a32d870250194eb2fdf6291b795ab08c8646d5d/pydantic_core-2.33.1-cp313-cp313t-manylinux_2_17_x86_64.manylinux2014_x86_64.whl", hash = "sha256:7aeb055a42d734c0255c9e489ac67e75397d59c6fbe60d155851e9782f276a9c", size = 1986896, upload-time = "2025-04-02T09:48:16.222Z" },
    { url = "https://files.pythonhosted.org/packages/71/ae/fe31e7f4a62431222d8f65a3bd02e3fa7e6026d154a00818e6d30520ea77/pydantic_core-2.33.1-cp313-cp313t-win_amd64.whl", hash = "sha256:338ea9b73e6e109f15ab439e62cb3b78aa752c7fd9536794112e14bee02c8d18", size = 1931810, upload-time = "2025-04-02T09:48:17.97Z" },
]

[[package]]
name = "pydantic-settings"
version = "2.8.1"
source = { registry = "https://pypi.org/simple" }
dependencies = [
    { name = "pydantic" },
    { name = "python-dotenv" },
]
sdist = { url = "https://files.pythonhosted.org/packages/88/82/c79424d7d8c29b994fb01d277da57b0a9b09cc03c3ff875f9bd8a86b2145/pydantic_settings-2.8.1.tar.gz", hash = "sha256:d5c663dfbe9db9d5e1c646b2e161da12f0d734d422ee56f567d0ea2cee4e8585", size = 83550, upload-time = "2025-02-27T10:10:32.338Z" }
wheels = [
    { url = "https://files.pythonhosted.org/packages/0b/53/a64f03044927dc47aafe029c42a5b7aabc38dfb813475e0e1bf71c4a59d0/pydantic_settings-2.8.1-py3-none-any.whl", hash = "sha256:81942d5ac3d905f7f3ee1a70df5dfb62d5569c12f51a5a647defc1c3d9ee2e9c", size = 30839, upload-time = "2025-02-27T10:10:30.711Z" },
]

[[package]]
name = "pygame"
version = "2.6.1"
source = { registry = "https://pypi.org/simple" }
sdist = { url = "https://files.pythonhosted.org/packages/49/cc/08bba60f00541f62aaa252ce0cfbd60aebd04616c0b9574f755b583e45ae/pygame-2.6.1.tar.gz", hash = "sha256:56fb02ead529cee00d415c3e007f75e0780c655909aaa8e8bf616ee09c9feb1f", size = 14808125, upload-time = "2024-09-29T13:41:34.698Z" }
wheels = [
    { url = "https://files.pythonhosted.org/packages/e1/91/718acf3e2a9d08a6ddcc96bd02a6f63c99ee7ba14afeaff2a51c987df0b9/pygame-2.6.1-cp313-cp313-macosx_10_13_x86_64.whl", hash = "sha256:ae6039f3a55d800db80e8010f387557b528d34d534435e0871326804df2a62f2", size = 13090765, upload-time = "2024-09-29T14:27:02.377Z" },
    { url = "https://files.pythonhosted.org/packages/0e/c6/9cb315de851a7682d9c7568a41ea042ee98d668cb8deadc1dafcab6116f0/pygame-2.6.1-cp313-cp313-macosx_11_0_arm64.whl", hash = "sha256:2a3a1288e2e9b1e5834e425bedd5ba01a3cd4902b5c2bff8ed4a740ccfe98171", size = 12381704, upload-time = "2024-09-29T14:27:10.228Z" },
    { url = "https://files.pythonhosted.org/packages/9f/8f/617a1196e31ae3b46be6949fbaa95b8c93ce15e0544266198c2266cc1b4d/pygame-2.6.1-cp313-cp313-manylinux_2_17_aarch64.manylinux2014_aarch64.whl", hash = "sha256:27eb17e3dc9640e4b4683074f1890e2e879827447770470c2aba9f125f74510b", size = 13581091, upload-time = "2024-09-29T11:30:27.653Z" },
    { url = "https://files.pythonhosted.org/packages/3b/87/2851a564e40a2dad353f1c6e143465d445dab18a95281f9ea458b94f3608/pygame-2.6.1-cp313-cp313-manylinux_2_17_i686.manylinux2014_i686.whl", hash = "sha256:4c1623180e70a03c4a734deb9bac50fc9c82942ae84a3a220779062128e75f3b", size = 14273844, upload-time = "2024-09-29T11:40:04.138Z" },
    { url = "https://files.pythonhosted.org/packages/85/b5/aa23aa2e70bcba42c989c02e7228273c30f3b44b9b264abb93eaeff43ad7/pygame-2.6.1-cp313-cp313-manylinux_2_17_x86_64.manylinux2014_x86_64.whl", hash = "sha256:ef07c0103d79492c21fced9ad68c11c32efa6801ca1920ebfd0f15fb46c78b1c", size = 13951197, upload-time = "2024-09-29T11:40:06.785Z" },
    { url = "https://files.pythonhosted.org/packages/a6/06/29e939b34d3f1354738c7d201c51c250ad7abefefaf6f8332d962ff67c4b/pygame-2.6.1-cp313-cp313-win32.whl", hash = "sha256:3acd8c009317190c2bfd81db681ecef47d5eb108c2151d09596d9c7ea9df5c0e", size = 10249309, upload-time = "2024-09-29T11:10:23.329Z" },
    { url = "https://files.pythonhosted.org/packages/7e/11/17f7f319ca91824b86557e9303e3b7a71991ef17fd45286bf47d7f0a38e6/pygame-2.6.1-cp313-cp313-win_amd64.whl", hash = "sha256:813af4fba5d0b2cb8e58f5d95f7910295c34067dcc290d34f1be59c48bd1ea6a", size = 10620084, upload-time = "2024-09-29T11:48:51.587Z" },
]

[[package]]
name = "pytest"
version = "8.3.5"
source = { registry = "https://pypi.org/simple" }
dependencies = [
    { name = "colorama", marker = "sys_platform == 'win32'" },
    { name = "iniconfig" },
    { name = "packaging" },
    { name = "pluggy" },
]
sdist = { url = "https://files.pythonhosted.org/packages/ae/3c/c9d525a414d506893f0cd8a8d0de7706446213181570cdbd766691164e40/pytest-8.3.5.tar.gz", hash = "sha256:f4efe70cc14e511565ac476b57c279e12a855b11f48f212af1080ef2263d3845", size = 1450891, upload-time = "2025-03-02T12:54:54.503Z" }
wheels = [
    { url = "https://files.pythonhosted.org/packages/30/3d/64ad57c803f1fa1e963a7946b6e0fea4a70df53c1a7fed304586539c2bac/pytest-8.3.5-py3-none-any.whl", hash = "sha256:c69214aa47deac29fad6c2a4f590b9c4a9fdb16a403176fe154b79c0b4d4d820", size = 343634, upload-time = "2025-03-02T12:54:52.069Z" },
]

[[package]]
name = "python-dotenv"
version = "1.1.0"
source = { registry = "https://pypi.org/simple" }
sdist = { url = "https://files.pythonhosted.org/packages/88/2c/7bb1416c5620485aa793f2de31d3df393d3686aa8a8506d11e10e13c5baf/python_dotenv-1.1.0.tar.gz", hash = "sha256:41f90bc6f5f177fb41f53e87666db362025010eb28f60a01c9143bfa33a2b2d5", size = 39920, upload-time = "2025-03-25T10:14:56.835Z" }
wheels = [
    { url = "https://files.pythonhosted.org/packages/1e/18/98a99ad95133c6a6e2005fe89faedf294a748bd5dc803008059409ac9b1e/python_dotenv-1.1.0-py3-none-any.whl", hash = "sha256:d7c01d9e2293916c18baf562d95698754b0dbbb5e74d457c45d4f6561fb9d55d", size = 20256, upload-time = "2025-03-25T10:14:55.034Z" },
]

[[package]]
name = "pyzmq"
version = "26.4.0"
source = { registry = "https://pypi.org/simple" }
dependencies = [
    { name = "cffi", marker = "implementation_name == 'pypy'" },
]
sdist = { url = "https://files.pythonhosted.org/packages/b1/11/b9213d25230ac18a71b39b3723494e57adebe36e066397b961657b3b41c1/pyzmq-26.4.0.tar.gz", hash = "sha256:4bd13f85f80962f91a651a7356fe0472791a5f7a92f227822b5acf44795c626d", size = 278293, upload-time = "2025-04-04T12:05:44.049Z" }
wheels = [
    { url = "https://files.pythonhosted.org/packages/d7/20/fb2c92542488db70f833b92893769a569458311a76474bda89dc4264bd18/pyzmq-26.4.0-cp313-cp313-macosx_10_15_universal2.whl", hash = "sha256:c43fac689880f5174d6fc864857d1247fe5cfa22b09ed058a344ca92bf5301e3", size = 1339484, upload-time = "2025-04-04T12:04:00.671Z" },
    { url = "https://files.pythonhosted.org/packages/58/29/2f06b9cabda3a6ea2c10f43e67ded3e47fc25c54822e2506dfb8325155d4/pyzmq-26.4.0-cp313-cp313-manylinux_2_17_aarch64.manylinux2014_aarch64.whl", hash = "sha256:902aca7eba477657c5fb81c808318460328758e8367ecdd1964b6330c73cae43", size = 666106, upload-time = "2025-04-04T12:04:02.366Z" },
    { url = "https://files.pythonhosted.org/packages/77/e4/dcf62bd29e5e190bd21bfccaa4f3386e01bf40d948c239239c2f1e726729/pyzmq-26.4.0-cp313-cp313-manylinux_2_17_i686.manylinux2014_i686.whl", hash = "sha256:e5e48a830bfd152fe17fbdeaf99ac5271aa4122521bf0d275b6b24e52ef35eb6", size = 902056, upload-time = "2025-04-04T12:04:03.919Z" },
    { url = "https://files.pythonhosted.org/packages/1a/cf/b36b3d7aea236087d20189bec1a87eeb2b66009731d7055e5c65f845cdba/pyzmq-26.4.0-cp313-cp313-manylinux_2_17_x86_64.manylinux2014_x86_64.whl", hash = "sha256:31be2b6de98c824c06f5574331f805707c667dc8f60cb18580b7de078479891e", size = 860148, upload-time = "2025-04-04T12:04:05.581Z" },
    { url = "https://files.pythonhosted.org/packages/18/a6/f048826bc87528c208e90604c3bf573801e54bd91e390cbd2dfa860e82dc/pyzmq-26.4.0-cp313-cp313-manylinux_2_28_x86_64.whl", hash = "sha256:6332452034be001bbf3206ac59c0d2a7713de5f25bb38b06519fc6967b7cf771", size = 855983, upload-time = "2025-04-04T12:04:07.096Z" },
    { url = "https://files.pythonhosted.org/packages/0a/27/454d34ab6a1d9772a36add22f17f6b85baf7c16e14325fa29e7202ca8ee8/pyzmq-26.4.0-cp313-cp313-musllinux_1_1_aarch64.whl", hash = "sha256:da8c0f5dd352136853e6a09b1b986ee5278dfddfebd30515e16eae425c872b30", size = 1197274, upload-time = "2025-04-04T12:04:08.523Z" },
    { url = "https://files.pythonhosted.org/packages/f4/3d/7abfeab6b83ad38aa34cbd57c6fc29752c391e3954fd12848bd8d2ec0df6/pyzmq-26.4.0-cp313-cp313-musllinux_1_1_i686.whl", hash = "sha256:f4ccc1a0a2c9806dda2a2dd118a3b7b681e448f3bb354056cad44a65169f6d86", size = 1507120, upload-time = "2025-04-04T12:04:10.58Z" },
    { url = "https://files.pythonhosted.org/packages/13/ff/bc8d21dbb9bc8705126e875438a1969c4f77e03fc8565d6901c7933a3d01/pyzmq-26.4.0-cp313-cp313-musllinux_1_1_x86_64.whl", hash = "sha256:1c0b5fceadbab461578daf8d1dcc918ebe7ddd2952f748cf30c7cf2de5d51101", size = 1406738, upload-time = "2025-04-04T12:04:12.509Z" },
    { url = "https://files.pythonhosted.org/packages/f5/5d/d4cd85b24de71d84d81229e3bbb13392b2698432cf8fdcea5afda253d587/pyzmq-26.4.0-cp313-cp313-win32.whl", hash = "sha256:28e2b0ff5ba4b3dd11062d905682bad33385cfa3cc03e81abd7f0822263e6637", size = 577826, upload-time = "2025-04-04T12:04:14.289Z" },
    { url = "https://files.pythonhosted.org/packages/c6/6c/f289c1789d7bb6e5a3b3bef7b2a55089b8561d17132be7d960d3ff33b14e/pyzmq-26.4.0-cp313-cp313-win_amd64.whl", hash = "sha256:23ecc9d241004c10e8b4f49d12ac064cd7000e1643343944a10df98e57bc544b", size = 640406, upload-time = "2025-04-04T12:04:15.757Z" },
    { url = "https://files.pythonhosted.org/packages/b3/99/676b8851cb955eb5236a0c1e9ec679ea5ede092bf8bf2c8a68d7e965cac3/pyzmq-26.4.0-cp313-cp313-win_arm64.whl", hash = "sha256:1edb0385c7f025045d6e0f759d4d3afe43c17a3d898914ec6582e6f464203c08", size = 556216, upload-time = "2025-04-04T12:04:17.212Z" },
    { url = "https://files.pythonhosted.org/packages/65/c2/1fac340de9d7df71efc59d9c50fc7a635a77b103392d1842898dd023afcb/pyzmq-26.4.0-cp313-cp313t-macosx_10_15_universal2.whl", hash = "sha256:93a29e882b2ba1db86ba5dd5e88e18e0ac6b627026c5cfbec9983422011b82d4", size = 1333769, upload-time = "2025-04-04T12:04:18.665Z" },
    { url = "https://files.pythonhosted.org/packages/5c/c7/6c03637e8d742c3b00bec4f5e4cd9d1c01b2f3694c6f140742e93ca637ed/pyzmq-26.4.0-cp313-cp313t-manylinux_2_17_aarch64.manylinux2014_aarch64.whl", hash = "sha256:cb45684f276f57110bb89e4300c00f1233ca631f08f5f42528a5c408a79efc4a", size = 658826, upload-time = "2025-04-04T12:04:20.405Z" },
    { url = "https://files.pythonhosted.org/packages/a5/97/a8dca65913c0f78e0545af2bb5078aebfc142ca7d91cdaffa1fbc73e5dbd/pyzmq-26.4.0-cp313-cp313t-manylinux_2_17_i686.manylinux2014_i686.whl", hash = "sha256:f72073e75260cb301aad4258ad6150fa7f57c719b3f498cb91e31df16784d89b", size = 891650, upload-time = "2025-04-04T12:04:22.413Z" },
    { url = "https://files.pythonhosted.org/packages/7d/7e/f63af1031eb060bf02d033732b910fe48548dcfdbe9c785e9f74a6cc6ae4/pyzmq-26.4.0-cp313-cp313t-manylinux_2_17_x86_64.manylinux2014_x86_64.whl", hash = "sha256:be37e24b13026cfedd233bcbbccd8c0bcd2fdd186216094d095f60076201538d", size = 849776, upload-time = "2025-04-04T12:04:23.959Z" },
    { url = "https://files.pythonhosted.org/packages/f6/fa/1a009ce582802a895c0d5fe9413f029c940a0a8ee828657a3bb0acffd88b/pyzmq-26.4.0-cp313-cp313t-manylinux_2_28_x86_64.whl", hash = "sha256:237b283044934d26f1eeff4075f751b05d2f3ed42a257fc44386d00df6a270cf", size = 842516, upload-time = "2025-04-04T12:04:25.449Z" },
    { url = "https://files.pythonhosted.org/packages/6e/bc/f88b0bad0f7a7f500547d71e99f10336f2314e525d4ebf576a1ea4a1d903/pyzmq-26.4.0-cp313-cp313t-musllinux_1_1_aarch64.whl", hash = "sha256:b30f862f6768b17040929a68432c8a8be77780317f45a353cb17e423127d250c", size = 1189183, upload-time = "2025-04-04T12:04:27.035Z" },
    { url = "https://files.pythonhosted.org/packages/d9/8c/db446a3dd9cf894406dec2e61eeffaa3c07c3abb783deaebb9812c4af6a5/pyzmq-26.4.0-cp313-cp313t-musllinux_1_1_i686.whl", hash = "sha256:c80fcd3504232f13617c6ab501124d373e4895424e65de8b72042333316f64a8", size = 1495501, upload-time = "2025-04-04T12:04:28.833Z" },
    { url = "https://files.pythonhosted.org/packages/05/4c/bf3cad0d64c3214ac881299c4562b815f05d503bccc513e3fd4fdc6f67e4/pyzmq-26.4.0-cp313-cp313t-musllinux_1_1_x86_64.whl", hash = "sha256:26a2a7451606b87f67cdeca2c2789d86f605da08b4bd616b1a9981605ca3a364", size = 1395540, upload-time = "2025-04-04T12:04:30.562Z" },
]

[[package]]
name = "setuptools"
version = "80.9.0"
source = { registry = "https://pypi.org/simple" }
sdist = { url = "https://files.pythonhosted.org/packages/18/5d/3bf57dcd21979b887f014ea83c24ae194cfcd12b9e0fda66b957c69d1fca/setuptools-80.9.0.tar.gz", hash = "sha256:f36b47402ecde768dbfafc46e8e4207b4360c654f1f3bb84475f0a28628fb19c", size = 1319958, upload-time = "2025-05-27T00:56:51.443Z" }
wheels = [
    { url = "https://files.pythonhosted.org/packages/a3/dc/17031897dae0efacfea57dfd3a82fdd2a2aeb58e0ff71b77b87e44edc772/setuptools-80.9.0-py3-none-any.whl", hash = "sha256:062d34222ad13e0cc312a4c02d73f059e86a4acbfbdea8f8f76b28c99f306922", size = 1201486, upload-time = "2025-05-27T00:56:49.664Z" },
]

[[package]]
name = "six"
version = "1.17.0"
source = { registry = "https://pypi.org/simple" }
sdist = { url = "https://files.pythonhosted.org/packages/94/e7/b2c673351809dca68a0e064b6af791aa332cf192da575fd474ed7d6f16a2/six-1.17.0.tar.gz", hash = "sha256:ff70335d468e7eb6ec65b95b99d3a2836546063f63acc5171de367e834932a81", size = 34031, upload-time = "2024-12-04T17:35:28.174Z" }
wheels = [
    { url = "https://files.pythonhosted.org/packages/b7/ce/149a00dd41f10bc29e5921b496af8b574d8413afcd5e30dfa0ed46c2cc5e/six-1.17.0-py2.py3-none-any.whl", hash = "sha256:4721f391ed90541fddacab5acf947aa0d3dc7d27b2e1e8eda2be8970586c3274", size = 11050, upload-time = "2024-12-04T17:35:26.475Z" },
]

[[package]]
name = "typing-extensions"
version = "4.13.2"
source = { registry = "https://pypi.org/simple" }
sdist = { url = "https://files.pythonhosted.org/packages/f6/37/23083fcd6e35492953e8d2aaaa68b860eb422b34627b13f2ce3eb6106061/typing_extensions-4.13.2.tar.gz", hash = "sha256:e6c81219bd689f51865d9e372991c540bda33a0379d5573cddb9a3a23f7caaef", size = 106967, upload-time = "2025-04-10T14:19:05.416Z" }
wheels = [
    { url = "https://files.pythonhosted.org/packages/8b/54/b1ae86c0973cc6f0210b53d508ca3641fb6d0c56823f288d108bc7ab3cc8/typing_extensions-4.13.2-py3-none-any.whl", hash = "sha256:a439e7c04b49fec3e5d3e2beaa21755cadbbdc391694e28ccdd36ca4a1408f8c", size = 45806, upload-time = "2025-04-10T14:19:03.967Z" },
]

[[package]]
name = "typing-inspection"
version = "0.4.0"
source = { registry = "https://pypi.org/simple" }
dependencies = [
    { name = "typing-extensions" },
]
sdist = { url = "https://files.pythonhosted.org/packages/82/5c/e6082df02e215b846b4b8c0b887a64d7d08ffaba30605502639d44c06b82/typing_inspection-0.4.0.tar.gz", hash = "sha256:9765c87de36671694a67904bf2c96e395be9c6439bb6c87b5142569dcdd65122", size = 76222, upload-time = "2025-02-25T17:27:59.638Z" }
wheels = [
    { url = "https://files.pythonhosted.org/packages/31/08/aa4fdfb71f7de5176385bd9e90852eaf6b5d622735020ad600f2bab54385/typing_inspection-0.4.0-py3-none-any.whl", hash = "sha256:50e72559fcd2a6367a19f7a7e610e6afcb9fac940c650290eed893d61386832f", size = 14125, upload-time = "2025-02-25T17:27:57.754Z" },
]
