version = 1
revision = 1
requires-python = ">=3.13, <4"

[[package]]
name = "cffi"
version = "1.17.1"
source = { registry = "https://pypi.org/simple" }
dependencies = [
    { name = "pycparser" },
]
sdist = { url = "https://files.pythonhosted.org/packages/fc/97/c783634659c2920c3fc70419e3af40972dbaf758daa229a7d6ea6135c90d/cffi-1.17.1.tar.gz", hash = "sha256:1c39c6016c32bc48dd54561950ebd6836e1670f2ae46128f67cf49e789c52824", size = 516621 }
wheels = [
    { url = "https://files.pythonhosted.org/packages/8d/f8/dd6c246b148639254dad4d6803eb6a54e8c85c6e11ec9df2cffa87571dbe/cffi-1.17.1-cp313-cp313-macosx_10_13_x86_64.whl", hash = "sha256:f3a2b4222ce6b60e2e8b337bb9596923045681d71e5a082783484d845390938e", size = 182989 },
    { url = "https://files.pythonhosted.org/packages/8b/f1/672d303ddf17c24fc83afd712316fda78dc6fce1cd53011b839483e1ecc8/cffi-1.17.1-cp313-cp313-macosx_11_0_arm64.whl", hash = "sha256:0984a4925a435b1da406122d4d7968dd861c1385afe3b45ba82b750f229811e2", size = 178802 },
    { url = "https://files.pythonhosted.org/packages/0e/2d/eab2e858a91fdff70533cab61dcff4a1f55ec60425832ddfdc9cd36bc8af/cffi-1.17.1-cp313-cp313-manylinux_2_12_i686.manylinux2010_i686.manylinux_2_17_i686.manylinux2014_i686.whl", hash = "sha256:d01b12eeeb4427d3110de311e1774046ad344f5b1a7403101878976ecd7a10f3", size = 454792 },
    { url = "https://files.pythonhosted.org/packages/75/b2/fbaec7c4455c604e29388d55599b99ebcc250a60050610fadde58932b7ee/cffi-1.17.1-cp313-cp313-manylinux_2_17_aarch64.manylinux2014_aarch64.whl", hash = "sha256:706510fe141c86a69c8ddc029c7910003a17353970cff3b904ff0686a5927683", size = 478893 },
    { url = "https://files.pythonhosted.org/packages/4f/b7/6e4a2162178bf1935c336d4da8a9352cccab4d3a5d7914065490f08c0690/cffi-1.17.1-cp313-cp313-manylinux_2_17_ppc64le.manylinux2014_ppc64le.whl", hash = "sha256:de55b766c7aa2e2a3092c51e0483d700341182f08e67c63630d5b6f200bb28e5", size = 485810 },
    { url = "https://files.pythonhosted.org/packages/c7/8a/1d0e4a9c26e54746dc08c2c6c037889124d4f59dffd853a659fa545f1b40/cffi-1.17.1-cp313-cp313-manylinux_2_17_s390x.manylinux2014_s390x.whl", hash = "sha256:c59d6e989d07460165cc5ad3c61f9fd8f1b4796eacbd81cee78957842b834af4", size = 471200 },
    { url = "https://files.pythonhosted.org/packages/26/9f/1aab65a6c0db35f43c4d1b4f580e8df53914310afc10ae0397d29d697af4/cffi-1.17.1-cp313-cp313-manylinux_2_17_x86_64.manylinux2014_x86_64.whl", hash = "sha256:dd398dbc6773384a17fe0d3e7eeb8d1a21c2200473ee6806bb5e6a8e62bb73dd", size = 479447 },
    { url = "https://files.pythonhosted.org/packages/5f/e4/fb8b3dd8dc0e98edf1135ff067ae070bb32ef9d509d6cb0f538cd6f7483f/cffi-1.17.1-cp313-cp313-musllinux_1_1_aarch64.whl", hash = "sha256:3edc8d958eb099c634dace3c7e16560ae474aa3803a5df240542b305d14e14ed", size = 484358 },
    { url = "https://files.pythonhosted.org/packages/f1/47/d7145bf2dc04684935d57d67dff9d6d795b2ba2796806bb109864be3a151/cffi-1.17.1-cp313-cp313-musllinux_1_1_x86_64.whl", hash = "sha256:72e72408cad3d5419375fc87d289076ee319835bdfa2caad331e377589aebba9", size = 488469 },
    { url = "https://files.pythonhosted.org/packages/bf/ee/f94057fa6426481d663b88637a9a10e859e492c73d0384514a17d78ee205/cffi-1.17.1-cp313-cp313-win32.whl", hash = "sha256:e03eab0a8677fa80d646b5ddece1cbeaf556c313dcfac435ba11f107ba117b5d", size = 172475 },
    { url = "https://files.pythonhosted.org/packages/7c/fc/6a8cb64e5f0324877d503c854da15d76c1e50eb722e320b15345c4d0c6de/cffi-1.17.1-cp313-cp313-win_amd64.whl", hash = "sha256:f6a16c31041f09ead72d69f583767292f750d24913dadacf5756b966aacb3f1a", size = 182009 },
]

[[package]]
name = "codetanks-viewer"
version = "0.5"
source = { editable = "." }
dependencies = [
    { name = "fiaas-logging" },
    { name = "protobuf" },
    { name = "pygame" },
    { name = "pyzmq" },
    { name = "setuptools" },
    { name = "six" },
]

[package.metadata]
requires-dist = [
    { name = "fiaas-logging", specifier = "==0.1.1" },
    { name = "protobuf", specifier = "==6.30.2" },
    { name = "pygame", specifier = ">=2.0.0.dev12" },
    { name = "pyzmq" },
    { name = "setuptools", specifier = ">=78.1.0" },
    { name = "six" },
]

[[package]]
name = "fiaas-logging"
version = "0.1.1"
source = { registry = "https://pypi.org/simple" }
sdist = { url = "https://files.pythonhosted.org/packages/93/d3/4c34df421a5c1cc704175c8547d99c57cc185ef81baaa449b0ae34de73d0/fiaas-logging-0.1.1.tar.gz", hash = "sha256:436c6448f15307cd79552ef1035f4f69c5fb6e0586ab01d55847b3e6cf2717e5", size = 12757 }
wheels = [
    { url = "https://files.pythonhosted.org/packages/3c/a4/bf2b48bf3c8e8e85521a3660f6c0ac65fa1cf51e7b361b95d5e6618134de/fiaas_logging-0.1.1-py2.py3-none-any.whl", hash = "sha256:47bf999d3734f066fe9911bbc65dbae2576790554e22038615f802322f10b9c1", size = 8632 },
]

[[package]]
name = "protobuf"
version = "6.30.2"
source = { registry = "https://pypi.org/simple" }
sdist = { url = "https://files.pythonhosted.org/packages/c8/8c/cf2ac658216eebe49eaedf1e06bc06cbf6a143469236294a1171a51357c3/protobuf-6.30.2.tar.gz", hash = "sha256:35c859ae076d8c56054c25b59e5e59638d86545ed6e2b6efac6be0b6ea3ba048", size = 429315 }
wheels = [
    { url = "https://files.pythonhosted.org/packages/be/85/cd53abe6a6cbf2e0029243d6ae5fb4335da2996f6c177bb2ce685068e43d/protobuf-6.30.2-cp310-abi3-win32.whl", hash = "sha256:b12ef7df7b9329886e66404bef5e9ce6a26b54069d7f7436a0853ccdeb91c103", size = 419148 },
    { url = "https://files.pythonhosted.org/packages/97/e9/7b9f1b259d509aef2b833c29a1f3c39185e2bf21c9c1be1cd11c22cb2149/protobuf-6.30.2-cp310-abi3-win_amd64.whl", hash = "sha256:7653c99774f73fe6b9301b87da52af0e69783a2e371e8b599b3e9cb4da4b12b9", size = 431003 },
    { url = "https://files.pythonhosted.org/packages/8e/66/7f3b121f59097c93267e7f497f10e52ced7161b38295137a12a266b6c149/protobuf-6.30.2-cp39-abi3-macosx_10_9_universal2.whl", hash = "sha256:0eb523c550a66a09a0c20f86dd554afbf4d32b02af34ae53d93268c1f73bc65b", size = 417579 },
    { url = "https://files.pythonhosted.org/packages/d0/89/bbb1bff09600e662ad5b384420ad92de61cab2ed0f12ace1fd081fd4c295/protobuf-6.30.2-cp39-abi3-manylinux2014_aarch64.whl", hash = "sha256:50f32cc9fd9cb09c783ebc275611b4f19dfdfb68d1ee55d2f0c7fa040df96815", size = 317319 },
    { url = "https://files.pythonhosted.org/packages/28/50/1925de813499546bc8ab3ae857e3ec84efe7d2f19b34529d0c7c3d02d11d/protobuf-6.30.2-cp39-abi3-manylinux2014_x86_64.whl", hash = "sha256:4f6c687ae8efae6cf6093389a596548214467778146b7245e886f35e1485315d", size = 316212 },
    { url = "https://files.pythonhosted.org/packages/e5/a1/93c2acf4ade3c5b557d02d500b06798f4ed2c176fa03e3c34973ca92df7f/protobuf-6.30.2-py3-none-any.whl", hash = "sha256:ae86b030e69a98e08c77beab574cbcb9fff6d031d57209f574a5aea1445f4b51", size = 167062 },
]

[[package]]
name = "pycparser"
version = "2.22"
source = { registry = "https://pypi.org/simple" }
sdist = { url = "https://files.pythonhosted.org/packages/1d/b2/31537cf4b1ca988837256c910a668b553fceb8f069bedc4b1c826024b52c/pycparser-2.22.tar.gz", hash = "sha256:491c8be9c040f5390f5bf44a5b07752bd07f56edf992381b05c701439eec10f6", size = 172736 }
wheels = [
    { url = "https://files.pythonhosted.org/packages/13/a3/a812df4e2dd5696d1f351d58b8fe16a405b234ad2886a0dab9183fb78109/pycparser-2.22-py3-none-any.whl", hash = "sha256:c3702b6d3dd8c7abc1afa565d7e63d53a1d0bd86cdc24edd75470f4de499cfcc", size = 117552 },
]

[[package]]
name = "pygame"
version = "2.6.1"
source = { registry = "https://pypi.org/simple" }
sdist = { url = "https://files.pythonhosted.org/packages/49/cc/08bba60f00541f62aaa252ce0cfbd60aebd04616c0b9574f755b583e45ae/pygame-2.6.1.tar.gz", hash = "sha256:56fb02ead529cee00d415c3e007f75e0780c655909aaa8e8bf616ee09c9feb1f", size = 14808125 }
wheels = [
    { url = "https://files.pythonhosted.org/packages/e1/91/718acf3e2a9d08a6ddcc96bd02a6f63c99ee7ba14afeaff2a51c987df0b9/pygame-2.6.1-cp313-cp313-macosx_10_13_x86_64.whl", hash = "sha256:ae6039f3a55d800db80e8010f387557b528d34d534435e0871326804df2a62f2", size = 13090765 },
    { url = "https://files.pythonhosted.org/packages/0e/c6/9cb315de851a7682d9c7568a41ea042ee98d668cb8deadc1dafcab6116f0/pygame-2.6.1-cp313-cp313-macosx_11_0_arm64.whl", hash = "sha256:2a3a1288e2e9b1e5834e425bedd5ba01a3cd4902b5c2bff8ed4a740ccfe98171", size = 12381704 },
    { url = "https://files.pythonhosted.org/packages/9f/8f/617a1196e31ae3b46be6949fbaa95b8c93ce15e0544266198c2266cc1b4d/pygame-2.6.1-cp313-cp313-manylinux_2_17_aarch64.manylinux2014_aarch64.whl", hash = "sha256:27eb17e3dc9640e4b4683074f1890e2e879827447770470c2aba9f125f74510b", size = 13581091 },
    { url = "https://files.pythonhosted.org/packages/3b/87/2851a564e40a2dad353f1c6e143465d445dab18a95281f9ea458b94f3608/pygame-2.6.1-cp313-cp313-manylinux_2_17_i686.manylinux2014_i686.whl", hash = "sha256:4c1623180e70a03c4a734deb9bac50fc9c82942ae84a3a220779062128e75f3b", size = 14273844 },
    { url = "https://files.pythonhosted.org/packages/85/b5/aa23aa2e70bcba42c989c02e7228273c30f3b44b9b264abb93eaeff43ad7/pygame-2.6.1-cp313-cp313-manylinux_2_17_x86_64.manylinux2014_x86_64.whl", hash = "sha256:ef07c0103d79492c21fced9ad68c11c32efa6801ca1920ebfd0f15fb46c78b1c", size = 13951197 },
    { url = "https://files.pythonhosted.org/packages/a6/06/29e939b34d3f1354738c7d201c51c250ad7abefefaf6f8332d962ff67c4b/pygame-2.6.1-cp313-cp313-win32.whl", hash = "sha256:3acd8c009317190c2bfd81db681ecef47d5eb108c2151d09596d9c7ea9df5c0e", size = 10249309 },
    { url = "https://files.pythonhosted.org/packages/7e/11/17f7f319ca91824b86557e9303e3b7a71991ef17fd45286bf47d7f0a38e6/pygame-2.6.1-cp313-cp313-win_amd64.whl", hash = "sha256:813af4fba5d0b2cb8e58f5d95f7910295c34067dcc290d34f1be59c48bd1ea6a", size = 10620084 },
]

[[package]]
name = "pyzmq"
version = "26.4.0"
source = { registry = "https://pypi.org/simple" }
dependencies = [
    { name = "cffi", marker = "implementation_name == 'pypy'" },
]
sdist = { url = "https://files.pythonhosted.org/packages/b1/11/b9213d25230ac18a71b39b3723494e57adebe36e066397b961657b3b41c1/pyzmq-26.4.0.tar.gz", hash = "sha256:4bd13f85f80962f91a651a7356fe0472791a5f7a92f227822b5acf44795c626d", size = 278293 }
wheels = [
    { url = "https://files.pythonhosted.org/packages/d7/20/fb2c92542488db70f833b92893769a569458311a76474bda89dc4264bd18/pyzmq-26.4.0-cp313-cp313-macosx_10_15_universal2.whl", hash = "sha256:c43fac689880f5174d6fc864857d1247fe5cfa22b09ed058a344ca92bf5301e3", size = 1339484 },
    { url = "https://files.pythonhosted.org/packages/58/29/2f06b9cabda3a6ea2c10f43e67ded3e47fc25c54822e2506dfb8325155d4/pyzmq-26.4.0-cp313-cp313-manylinux_2_17_aarch64.manylinux2014_aarch64.whl", hash = "sha256:902aca7eba477657c5fb81c808318460328758e8367ecdd1964b6330c73cae43", size = 666106 },
    { url = "https://files.pythonhosted.org/packages/77/e4/dcf62bd29e5e190bd21bfccaa4f3386e01bf40d948c239239c2f1e726729/pyzmq-26.4.0-cp313-cp313-manylinux_2_17_i686.manylinux2014_i686.whl", hash = "sha256:e5e48a830bfd152fe17fbdeaf99ac5271aa4122521bf0d275b6b24e52ef35eb6", size = 902056 },
    { url = "https://files.pythonhosted.org/packages/1a/cf/b36b3d7aea236087d20189bec1a87eeb2b66009731d7055e5c65f845cdba/pyzmq-26.4.0-cp313-cp313-manylinux_2_17_x86_64.manylinux2014_x86_64.whl", hash = "sha256:31be2b6de98c824c06f5574331f805707c667dc8f60cb18580b7de078479891e", size = 860148 },
    { url = "https://files.pythonhosted.org/packages/18/a6/f048826bc87528c208e90604c3bf573801e54bd91e390cbd2dfa860e82dc/pyzmq-26.4.0-cp313-cp313-manylinux_2_28_x86_64.whl", hash = "sha256:6332452034be001bbf3206ac59c0d2a7713de5f25bb38b06519fc6967b7cf771", size = 855983 },
    { url = "https://files.pythonhosted.org/packages/0a/27/454d34ab6a1d9772a36add22f17f6b85baf7c16e14325fa29e7202ca8ee8/pyzmq-26.4.0-cp313-cp313-musllinux_1_1_aarch64.whl", hash = "sha256:da8c0f5dd352136853e6a09b1b986ee5278dfddfebd30515e16eae425c872b30", size = 1197274 },
    { url = "https://files.pythonhosted.org/packages/f4/3d/7abfeab6b83ad38aa34cbd57c6fc29752c391e3954fd12848bd8d2ec0df6/pyzmq-26.4.0-cp313-cp313-musllinux_1_1_i686.whl", hash = "sha256:f4ccc1a0a2c9806dda2a2dd118a3b7b681e448f3bb354056cad44a65169f6d86", size = 1507120 },
    { url = "https://files.pythonhosted.org/packages/13/ff/bc8d21dbb9bc8705126e875438a1969c4f77e03fc8565d6901c7933a3d01/pyzmq-26.4.0-cp313-cp313-musllinux_1_1_x86_64.whl", hash = "sha256:1c0b5fceadbab461578daf8d1dcc918ebe7ddd2952f748cf30c7cf2de5d51101", size = 1406738 },
    { url = "https://files.pythonhosted.org/packages/f5/5d/d4cd85b24de71d84d81229e3bbb13392b2698432cf8fdcea5afda253d587/pyzmq-26.4.0-cp313-cp313-win32.whl", hash = "sha256:28e2b0ff5ba4b3dd11062d905682bad33385cfa3cc03e81abd7f0822263e6637", size = 577826 },
    { url = "https://files.pythonhosted.org/packages/c6/6c/f289c1789d7bb6e5a3b3bef7b2a55089b8561d17132be7d960d3ff33b14e/pyzmq-26.4.0-cp313-cp313-win_amd64.whl", hash = "sha256:23ecc9d241004c10e8b4f49d12ac064cd7000e1643343944a10df98e57bc544b", size = 640406 },
    { url = "https://files.pythonhosted.org/packages/b3/99/676b8851cb955eb5236a0c1e9ec679ea5ede092bf8bf2c8a68d7e965cac3/pyzmq-26.4.0-cp313-cp313-win_arm64.whl", hash = "sha256:1edb0385c7f025045d6e0f759d4d3afe43c17a3d898914ec6582e6f464203c08", size = 556216 },
    { url = "https://files.pythonhosted.org/packages/65/c2/1fac340de9d7df71efc59d9c50fc7a635a77b103392d1842898dd023afcb/pyzmq-26.4.0-cp313-cp313t-macosx_10_15_universal2.whl", hash = "sha256:93a29e882b2ba1db86ba5dd5e88e18e0ac6b627026c5cfbec9983422011b82d4", size = 1333769 },
    { url = "https://files.pythonhosted.org/packages/5c/c7/6c03637e8d742c3b00bec4f5e4cd9d1c01b2f3694c6f140742e93ca637ed/pyzmq-26.4.0-cp313-cp313t-manylinux_2_17_aarch64.manylinux2014_aarch64.whl", hash = "sha256:cb45684f276f57110bb89e4300c00f1233ca631f08f5f42528a5c408a79efc4a", size = 658826 },
    { url = "https://files.pythonhosted.org/packages/a5/97/a8dca65913c0f78e0545af2bb5078aebfc142ca7d91cdaffa1fbc73e5dbd/pyzmq-26.4.0-cp313-cp313t-manylinux_2_17_i686.manylinux2014_i686.whl", hash = "sha256:f72073e75260cb301aad4258ad6150fa7f57c719b3f498cb91e31df16784d89b", size = 891650 },
    { url = "https://files.pythonhosted.org/packages/7d/7e/f63af1031eb060bf02d033732b910fe48548dcfdbe9c785e9f74a6cc6ae4/pyzmq-26.4.0-cp313-cp313t-manylinux_2_17_x86_64.manylinux2014_x86_64.whl", hash = "sha256:be37e24b13026cfedd233bcbbccd8c0bcd2fdd186216094d095f60076201538d", size = 849776 },
    { url = "https://files.pythonhosted.org/packages/f6/fa/1a009ce582802a895c0d5fe9413f029c940a0a8ee828657a3bb0acffd88b/pyzmq-26.4.0-cp313-cp313t-manylinux_2_28_x86_64.whl", hash = "sha256:237b283044934d26f1eeff4075f751b05d2f3ed42a257fc44386d00df6a270cf", size = 842516 },
    { url = "https://files.pythonhosted.org/packages/6e/bc/f88b0bad0f7a7f500547d71e99f10336f2314e525d4ebf576a1ea4a1d903/pyzmq-26.4.0-cp313-cp313t-musllinux_1_1_aarch64.whl", hash = "sha256:b30f862f6768b17040929a68432c8a8be77780317f45a353cb17e423127d250c", size = 1189183 },
    { url = "https://files.pythonhosted.org/packages/d9/8c/db446a3dd9cf894406dec2e61eeffaa3c07c3abb783deaebb9812c4af6a5/pyzmq-26.4.0-cp313-cp313t-musllinux_1_1_i686.whl", hash = "sha256:c80fcd3504232f13617c6ab501124d373e4895424e65de8b72042333316f64a8", size = 1495501 },
    { url = "https://files.pythonhosted.org/packages/05/4c/bf3cad0d64c3214ac881299c4562b815f05d503bccc513e3fd4fdc6f67e4/pyzmq-26.4.0-cp313-cp313t-musllinux_1_1_x86_64.whl", hash = "sha256:26a2a7451606b87f67cdeca2c2789d86f605da08b4bd616b1a9981605ca3a364", size = 1395540 },
]

[[package]]
name = "setuptools"
version = "78.1.0"
source = { registry = "https://pypi.org/simple" }
sdist = { url = "https://files.pythonhosted.org/packages/a9/5a/0db4da3bc908df06e5efae42b44e75c81dd52716e10192ff36d0c1c8e379/setuptools-78.1.0.tar.gz", hash = "sha256:18fd474d4a82a5f83dac888df697af65afa82dec7323d09c3e37d1f14288da54", size = 1367827 }
wheels = [
    { url = "https://files.pythonhosted.org/packages/54/21/f43f0a1fa8b06b32812e0975981f4677d28e0f3271601dc88ac5a5b83220/setuptools-78.1.0-py3-none-any.whl", hash = "sha256:3e386e96793c8702ae83d17b853fb93d3e09ef82ec62722e61da5cd22376dcd8", size = 1256108 },
]

[[package]]
name = "six"
version = "1.17.0"
source = { registry = "https://pypi.org/simple" }
sdist = { url = "https://files.pythonhosted.org/packages/94/e7/b2c673351809dca68a0e064b6af791aa332cf192da575fd474ed7d6f16a2/six-1.17.0.tar.gz", hash = "sha256:ff70335d468e7eb6ec65b95b99d3a2836546063f63acc5171de367e834932a81", size = 34031 }
wheels = [
    { url = "https://files.pythonhosted.org/packages/b7/ce/149a00dd41f10bc29e5921b496af8b574d8413afcd5e30dfa0ed46c2cc5e/six-1.17.0-py2.py3-none-any.whl", hash = "sha256:4721f391ed90541fddacab5acf947aa0d3dc7d27b2e1e8eda2be8970586c3274", size = 11050 },
]
