version = 1
revision = 2
requires-python = ">=3.13, <4"

[[package]]
name = "cffi"
version = "1.17.1"
source = { registry = "https://pypi.org/simple" }
dependencies = [
    { name = "pycparser" },
]
sdist = { url = "https://files.pythonhosted.org/packages/fc/97/c783634659c2920c3fc70419e3af40972dbaf758daa229a7d6ea6135c90d/cffi-1.17.1.tar.gz", hash = "sha256:1c39c6016c32bc48dd54561950ebd6836e1670f2ae46128f67cf49e789c52824", size = 516621, upload-time = "2024-09-04T20:45:21.852Z" }
wheels = [
    { url = "https://files.pythonhosted.org/packages/8d/f8/dd6c246b148639254dad4d6803eb6a54e8c85c6e11ec9df2cffa87571dbe/cffi-1.17.1-cp313-cp313-macosx_10_13_x86_64.whl", hash = "sha256:f3a2b4222ce6b60e2e8b337bb9596923045681d71e5a082783484d845390938e", size = 182989, upload-time = "2024-09-04T20:44:28.956Z" },
    { url = "https://files.pythonhosted.org/packages/8b/f1/672d303ddf17c24fc83afd712316fda78dc6fce1cd53011b839483e1ecc8/cffi-1.17.1-cp313-cp313-macosx_11_0_arm64.whl", hash = "sha256:0984a4925a435b1da406122d4d7968dd861c1385afe3b45ba82b750f229811e2", size = 178802, upload-time = "2024-09-04T20:44:30.289Z" },
    { url = "https://files.pythonhosted.org/packages/0e/2d/eab2e858a91fdff70533cab61dcff4a1f55ec60425832ddfdc9cd36bc8af/cffi-1.17.1-cp313-cp313-manylinux_2_12_i686.manylinux2010_i686.manylinux_2_17_i686.manylinux2014_i686.whl", hash = "sha256:d01b12eeeb4427d3110de311e1774046ad344f5b1a7403101878976ecd7a10f3", size = 454792, upload-time = "2024-09-04T20:44:32.01Z" },
    { url = "https://files.pythonhosted.org/packages/75/b2/fbaec7c4455c604e29388d55599b99ebcc250a60050610fadde58932b7ee/cffi-1.17.1-cp313-cp313-manylinux_2_17_aarch64.manylinux2014_aarch64.whl", hash = "sha256:706510fe141c86a69c8ddc029c7910003a17353970cff3b904ff0686a5927683", size = 478893, upload-time = "2024-09-04T20:44:33.606Z" },
    { url = "https://files.pythonhosted.org/packages/4f/b7/6e4a2162178bf1935c336d4da8a9352cccab4d3a5d7914065490f08c0690/cffi-1.17.1-cp313-cp313-manylinux_2_17_ppc64le.manylinux2014_ppc64le.whl", hash = "sha256:de55b766c7aa2e2a3092c51e0483d700341182f08e67c63630d5b6f200bb28e5", size = 485810, upload-time = "2024-09-04T20:44:35.191Z" },
    { url = "https://files.pythonhosted.org/packages/c7/8a/1d0e4a9c26e54746dc08c2c6c037889124d4f59dffd853a659fa545f1b40/cffi-1.17.1-cp313-cp313-manylinux_2_17_s390x.manylinux2014_s390x.whl", hash = "sha256:c59d6e989d07460165cc5ad3c61f9fd8f1b4796eacbd81cee78957842b834af4", size = 471200, upload-time = "2024-09-04T20:44:36.743Z" },
    { url = "https://files.pythonhosted.org/packages/26/9f/1aab65a6c0db35f43c4d1b4f580e8df53914310afc10ae0397d29d697af4/cffi-1.17.1-cp313-cp313-manylinux_2_17_x86_64.manylinux2014_x86_64.whl", hash = "sha256:dd398dbc6773384a17fe0d3e7eeb8d1a21c2200473ee6806bb5e6a8e62bb73dd", size = 479447, upload-time = "2024-09-04T20:44:38.492Z" },
    { url = "https://files.pythonhosted.org/packages/5f/e4/fb8b3dd8dc0e98edf1135ff067ae070bb32ef9d509d6cb0f538cd6f7483f/cffi-1.17.1-cp313-cp313-musllinux_1_1_aarch64.whl", hash = "sha256:3edc8d958eb099c634dace3c7e16560ae474aa3803a5df240542b305d14e14ed", size = 484358, upload-time = "2024-09-04T20:44:40.046Z" },
    { url = "https://files.pythonhosted.org/packages/f1/47/d7145bf2dc04684935d57d67dff9d6d795b2ba2796806bb109864be3a151/cffi-1.17.1-cp313-cp313-musllinux_1_1_x86_64.whl", hash = "sha256:72e72408cad3d5419375fc87d289076ee319835bdfa2caad331e377589aebba9", size = 488469, upload-time = "2024-09-04T20:44:41.616Z" },
    { url = "https://files.pythonhosted.org/packages/bf/ee/f94057fa6426481d663b88637a9a10e859e492c73d0384514a17d78ee205/cffi-1.17.1-cp313-cp313-win32.whl", hash = "sha256:e03eab0a8677fa80d646b5ddece1cbeaf556c313dcfac435ba11f107ba117b5d", size = 172475, upload-time = "2024-09-04T20:44:43.733Z" },
    { url = "https://files.pythonhosted.org/packages/7c/fc/6a8cb64e5f0324877d503c854da15d76c1e50eb722e320b15345c4d0c6de/cffi-1.17.1-cp313-cp313-win_amd64.whl", hash = "sha256:f6a16c31041f09ead72d69f583767292f750d24913dadacf5756b966aacb3f1a", size = 182009, upload-time = "2024-09-04T20:44:45.309Z" },
]

[[package]]
name = "codetanks-viewer"
version = "0.5"
source = { editable = "." }
dependencies = [
    { name = "fiaas-logging" },
    { name = "grpcio" },
    { name = "protobuf" },
    { name = "pygame" },
    { name = "pyzmq" },
    { name = "setuptools" },
    { name = "six" },
]

[package.dev-dependencies]
dev = [
    { name = "grpcio-tools" },
]

[package.metadata]
requires-dist = [
    { name = "fiaas-logging", specifier = "==0.1.1" },
    { name = "grpcio", specifier = ">=1.71.0" },
    { name = "protobuf", specifier = "==5.29.4" },
    { name = "pygame", specifier = ">=2.0.0.dev12" },
    { name = "pyzmq" },
    { name = "setuptools", specifier = ">=78.1.0" },
    { name = "six" },
]

[package.metadata.requires-dev]
dev = [{ name = "grpcio-tools", specifier = ">=1.71.0" }]

[[package]]
name = "fiaas-logging"
version = "0.1.1"
source = { registry = "https://pypi.org/simple" }
sdist = { url = "https://files.pythonhosted.org/packages/93/d3/4c34df421a5c1cc704175c8547d99c57cc185ef81baaa449b0ae34de73d0/fiaas-logging-0.1.1.tar.gz", hash = "sha256:436c6448f15307cd79552ef1035f4f69c5fb6e0586ab01d55847b3e6cf2717e5", size = 12757, upload-time = "2020-03-08T20:46:37.708Z" }
wheels = [
    { url = "https://files.pythonhosted.org/packages/3c/a4/bf2b48bf3c8e8e85521a3660f6c0ac65fa1cf51e7b361b95d5e6618134de/fiaas_logging-0.1.1-py2.py3-none-any.whl", hash = "sha256:47bf999d3734f066fe9911bbc65dbae2576790554e22038615f802322f10b9c1", size = 8632, upload-time = "2020-03-08T20:46:35.458Z" },
]

[[package]]
name = "grpcio"
version = "1.71.0"
source = { registry = "https://pypi.org/simple" }
sdist = { url = "https://files.pythonhosted.org/packages/1c/95/aa11fc09a85d91fbc7dd405dcb2a1e0256989d67bf89fa65ae24b3ba105a/grpcio-1.71.0.tar.gz", hash = "sha256:2b85f7820475ad3edec209d3d89a7909ada16caab05d3f2e08a7e8ae3200a55c", size = 12549828, upload-time = "2025-03-10T19:28:49.203Z" }
wheels = [
    { url = "https://files.pythonhosted.org/packages/04/dd/b00cbb45400d06b26126dcfdbdb34bb6c4f28c3ebbd7aea8228679103ef6/grpcio-1.71.0-cp313-cp313-linux_armv7l.whl", hash = "sha256:cebc1b34ba40a312ab480ccdb396ff3c529377a2fce72c45a741f7215bfe8379", size = 5184138, upload-time = "2025-03-10T19:25:15.101Z" },
    { url = "https://files.pythonhosted.org/packages/ed/0a/4651215983d590ef53aac40ba0e29dda941a02b097892c44fa3357e706e5/grpcio-1.71.0-cp313-cp313-macosx_10_14_universal2.whl", hash = "sha256:85da336e3649a3d2171e82f696b5cad2c6231fdd5bad52616476235681bee5b3", size = 11310747, upload-time = "2025-03-10T19:25:17.201Z" },
    { url = "https://files.pythonhosted.org/packages/57/a3/149615b247f321e13f60aa512d3509d4215173bdb982c9098d78484de216/grpcio-1.71.0-cp313-cp313-manylinux_2_17_aarch64.whl", hash = "sha256:f9a412f55bb6e8f3bb000e020dbc1e709627dcb3a56f6431fa7076b4c1aab0db", size = 5653991, upload-time = "2025-03-10T19:25:20.39Z" },
    { url = "https://files.pythonhosted.org/packages/ca/56/29432a3e8d951b5e4e520a40cd93bebaa824a14033ea8e65b0ece1da6167/grpcio-1.71.0-cp313-cp313-manylinux_2_17_i686.manylinux2014_i686.whl", hash = "sha256:47be9584729534660416f6d2a3108aaeac1122f6b5bdbf9fd823e11fe6fbaa29", size = 6312781, upload-time = "2025-03-10T19:25:22.823Z" },
    { url = "https://files.pythonhosted.org/packages/a3/f8/286e81a62964ceb6ac10b10925261d4871a762d2a763fbf354115f9afc98/grpcio-1.71.0-cp313-cp313-manylinux_2_17_x86_64.manylinux2014_x86_64.whl", hash = "sha256:7c9c80ac6091c916db81131d50926a93ab162a7e97e4428ffc186b6e80d6dda4", size = 5910479, upload-time = "2025-03-10T19:25:24.828Z" },
    { url = "https://files.pythonhosted.org/packages/35/67/d1febb49ec0f599b9e6d4d0d44c2d4afdbed9c3e80deb7587ec788fcf252/grpcio-1.71.0-cp313-cp313-musllinux_1_1_aarch64.whl", hash = "sha256:789d5e2a3a15419374b7b45cd680b1e83bbc1e52b9086e49308e2c0b5bbae6e3", size = 6013262, upload-time = "2025-03-10T19:25:26.987Z" },
    { url = "https://files.pythonhosted.org/packages/a1/04/f9ceda11755f0104a075ad7163fc0d96e2e3a9fe25ef38adfc74c5790daf/grpcio-1.71.0-cp313-cp313-musllinux_1_1_i686.whl", hash = "sha256:1be857615e26a86d7363e8a163fade914595c81fec962b3d514a4b1e8760467b", size = 6643356, upload-time = "2025-03-10T19:25:29.606Z" },
    { url = "https://files.pythonhosted.org/packages/fb/ce/236dbc3dc77cf9a9242adcf1f62538734ad64727fabf39e1346ad4bd5c75/grpcio-1.71.0-cp313-cp313-musllinux_1_1_x86_64.whl", hash = "sha256:a76d39b5fafd79ed604c4be0a869ec3581a172a707e2a8d7a4858cb05a5a7637", size = 6186564, upload-time = "2025-03-10T19:25:31.537Z" },
    { url = "https://files.pythonhosted.org/packages/10/fd/b3348fce9dd4280e221f513dd54024e765b21c348bc475516672da4218e9/grpcio-1.71.0-cp313-cp313-win32.whl", hash = "sha256:74258dce215cb1995083daa17b379a1a5a87d275387b7ffe137f1d5131e2cfbb", size = 3601890, upload-time = "2025-03-10T19:25:33.421Z" },
    { url = "https://files.pythonhosted.org/packages/be/f8/db5d5f3fc7e296166286c2a397836b8b042f7ad1e11028d82b061701f0f7/grpcio-1.71.0-cp313-cp313-win_amd64.whl", hash = "sha256:22c3bc8d488c039a199f7a003a38cb7635db6656fa96437a8accde8322ce2366", size = 4273308, upload-time = "2025-03-10T19:25:35.79Z" },
]

[[package]]
name = "grpcio-tools"
version = "1.71.0"
source = { registry = "https://pypi.org/simple" }
dependencies = [
    { name = "grpcio" },
    { name = "protobuf" },
    { name = "setuptools" },
]
sdist = { url = "https://files.pythonhosted.org/packages/05/d2/c0866a48c355a6a4daa1f7e27e210c7fa561b1f3b7c0bce2671e89cfa31e/grpcio_tools-1.71.0.tar.gz", hash = "sha256:38dba8e0d5e0fb23a034e09644fdc6ed862be2371887eee54901999e8f6792a8", size = 5326008, upload-time = "2025-03-10T19:29:03.38Z" }
wheels = [
    { url = "https://files.pythonhosted.org/packages/84/a7/70dc7e9957bcbaccd4dcb6cc11215e0b918f546d55599221522fe0d073e0/grpcio_tools-1.71.0-cp313-cp313-linux_armv7l.whl", hash = "sha256:9a78d07d6c301a25ef5ede962920a522556a1dfee1ccc05795994ceb867f766c", size = 2384758, upload-time = "2025-03-10T19:28:05.327Z" },
    { url = "https://files.pythonhosted.org/packages/65/79/57320b28d0a0c5ec94095fd571a65292f8ed7e1c47e59ae4021e8a48d49b/grpcio_tools-1.71.0-cp313-cp313-macosx_10_14_universal2.whl", hash = "sha256:580ac88141c9815557e63c9c04f5b1cdb19b4db8d0cb792b573354bde1ee8b12", size = 5951661, upload-time = "2025-03-10T19:28:07.879Z" },
    { url = "https://files.pythonhosted.org/packages/80/3d/343df5ed7c5dd66fc7a19e4ef3e97ccc4f5d802122b04cd6492f0dcd79f5/grpcio_tools-1.71.0-cp313-cp313-manylinux_2_17_aarch64.whl", hash = "sha256:f7c678e68ece0ae908ecae1c4314a0c2c7f83e26e281738b9609860cc2c82d96", size = 2351571, upload-time = "2025-03-10T19:28:09.909Z" },
    { url = "https://files.pythonhosted.org/packages/56/2f/b9736e8c84e880c4237f5b880c6c799b4977c5cde190999bc7ab4b2ec445/grpcio_tools-1.71.0-cp313-cp313-manylinux_2_17_i686.manylinux2014_i686.whl", hash = "sha256:56ecd6cc89b5e5eed1de5eb9cafce86c9c9043ee3840888cc464d16200290b53", size = 2744580, upload-time = "2025-03-10T19:28:11.866Z" },
    { url = "https://files.pythonhosted.org/packages/76/9b/bdb384967353da7bf64bac4232f4cf8ae43f19d0f2f640978d4d4197e667/grpcio_tools-1.71.0-cp313-cp313-manylinux_2_17_x86_64.manylinux2014_x86_64.whl", hash = "sha256:e52a041afc20ab2431d756b6295d727bd7adee813b21b06a3483f4a7a15ea15f", size = 2475978, upload-time = "2025-03-10T19:28:14.236Z" },
    { url = "https://files.pythonhosted.org/packages/26/71/1411487fd7862d347b98fda5e3beef611a71b2ac2faac62a965d9e2536b3/grpcio_tools-1.71.0-cp313-cp313-musllinux_1_1_aarch64.whl", hash = "sha256:2a1712f12102b60c8d92779b89d0504e0d6f3a59f2b933e5622b8583f5c02992", size = 2853314, upload-time = "2025-03-10T19:28:16.085Z" },
    { url = "https://files.pythonhosted.org/packages/03/06/59d0523eb1ba2f64edc72cb150152fa1b2e77061cae3ef3ecd3ef2a87f51/grpcio_tools-1.71.0-cp313-cp313-musllinux_1_1_i686.whl", hash = "sha256:41878cb7a75477e62fdd45e7e9155b3af1b7a5332844021e2511deaf99ac9e6c", size = 3303981, upload-time = "2025-03-10T19:28:18.129Z" },
    { url = "https://files.pythonhosted.org/packages/c2/71/fb9fb49f2b738ec1dfbbc8cdce0b26e5f9c5fc0edef72e453580620d6a36/grpcio_tools-1.71.0-cp313-cp313-musllinux_1_1_x86_64.whl", hash = "sha256:682e958b476049ccc14c71bedf3f979bced01f6e0c04852efc5887841a32ad6b", size = 2915876, upload-time = "2025-03-10T19:28:20.045Z" },
    { url = "https://files.pythonhosted.org/packages/bd/0f/0d49f6fe6fa2d09e9820dd9eeb30437e86002303076be2b6ada0fb52b8f2/grpcio_tools-1.71.0-cp313-cp313-win32.whl", hash = "sha256:0ccfb837152b7b858b9f26bb110b3ae8c46675d56130f6c2f03605c4f129be13", size = 948245, upload-time = "2025-03-10T19:28:21.876Z" },
    { url = "https://files.pythonhosted.org/packages/bb/14/ab131a39187bfea950280b2277a82d2033469fe8c86f73b10b19f53cc5ca/grpcio_tools-1.71.0-cp313-cp313-win_amd64.whl", hash = "sha256:ffff9bc5eacb34dd26b487194f7d44a3e64e752fc2cf049d798021bf25053b87", size = 1119649, upload-time = "2025-03-10T19:28:23.679Z" },
]

[[package]]
name = "protobuf"
version = "5.29.4"
source = { registry = "https://pypi.org/simple" }
sdist = { url = "https://files.pythonhosted.org/packages/17/7d/b9dca7365f0e2c4fa7c193ff795427cfa6290147e5185ab11ece280a18e7/protobuf-5.29.4.tar.gz", hash = "sha256:4f1dfcd7997b31ef8f53ec82781ff434a28bf71d9102ddde14d076adcfc78c99", size = 424902, upload-time = "2025-03-19T21:23:24.25Z" }
wheels = [
    { url = "https://files.pythonhosted.org/packages/9a/b2/043a1a1a20edd134563699b0e91862726a0dc9146c090743b6c44d798e75/protobuf-5.29.4-cp310-abi3-win32.whl", hash = "sha256:13eb236f8eb9ec34e63fc8b1d6efd2777d062fa6aaa68268fb67cf77f6839ad7", size = 422709, upload-time = "2025-03-19T21:23:08.293Z" },
    { url = "https://files.pythonhosted.org/packages/79/fc/2474b59570daa818de6124c0a15741ee3e5d6302e9d6ce0bdfd12e98119f/protobuf-5.29.4-cp310-abi3-win_amd64.whl", hash = "sha256:bcefcdf3976233f8a502d265eb65ea740c989bacc6c30a58290ed0e519eb4b8d", size = 434506, upload-time = "2025-03-19T21:23:11.253Z" },
    { url = "https://files.pythonhosted.org/packages/46/de/7c126bbb06aa0f8a7b38aaf8bd746c514d70e6a2a3f6dd460b3b7aad7aae/protobuf-5.29.4-cp38-abi3-macosx_10_9_universal2.whl", hash = "sha256:307ecba1d852ec237e9ba668e087326a67564ef83e45a0189a772ede9e854dd0", size = 417826, upload-time = "2025-03-19T21:23:13.132Z" },
    { url = "https://files.pythonhosted.org/packages/a2/b5/bade14ae31ba871a139aa45e7a8183d869efe87c34a4850c87b936963261/protobuf-5.29.4-cp38-abi3-manylinux2014_aarch64.whl", hash = "sha256:aec4962f9ea93c431d5714ed1be1c93f13e1a8618e70035ba2b0564d9e633f2e", size = 319574, upload-time = "2025-03-19T21:23:14.531Z" },
    { url = "https://files.pythonhosted.org/packages/46/88/b01ed2291aae68b708f7d334288ad5fb3e7aa769a9c309c91a0d55cb91b0/protobuf-5.29.4-cp38-abi3-manylinux2014_x86_64.whl", hash = "sha256:d7d3f7d1d5a66ed4942d4fefb12ac4b14a29028b209d4bfb25c68ae172059922", size = 319672, upload-time = "2025-03-19T21:23:15.839Z" },
    { url = "https://files.pythonhosted.org/packages/12/fb/a586e0c973c95502e054ac5f81f88394f24ccc7982dac19c515acd9e2c93/protobuf-5.29.4-py3-none-any.whl", hash = "sha256:3fde11b505e1597f71b875ef2fc52062b6a9740e5f7c8997ce878b6009145862", size = 172551, upload-time = "2025-03-19T21:23:22.682Z" },
]

[[package]]
name = "pycparser"
version = "2.22"
source = { registry = "https://pypi.org/simple" }
sdist = { url = "https://files.pythonhosted.org/packages/1d/b2/31537cf4b1ca988837256c910a668b553fceb8f069bedc4b1c826024b52c/pycparser-2.22.tar.gz", hash = "sha256:491c8be9c040f5390f5bf44a5b07752bd07f56edf992381b05c701439eec10f6", size = 172736, upload-time = "2024-03-30T13:22:22.564Z" }
wheels = [
    { url = "https://files.pythonhosted.org/packages/13/a3/a812df4e2dd5696d1f351d58b8fe16a405b234ad2886a0dab9183fb78109/pycparser-2.22-py3-none-any.whl", hash = "sha256:c3702b6d3dd8c7abc1afa565d7e63d53a1d0bd86cdc24edd75470f4de499cfcc", size = 117552, upload-time = "2024-03-30T13:22:20.476Z" },
]

[[package]]
name = "pygame"
version = "2.6.1"
source = { registry = "https://pypi.org/simple" }
sdist = { url = "https://files.pythonhosted.org/packages/49/cc/08bba60f00541f62aaa252ce0cfbd60aebd04616c0b9574f755b583e45ae/pygame-2.6.1.tar.gz", hash = "sha256:56fb02ead529cee00d415c3e007f75e0780c655909aaa8e8bf616ee09c9feb1f", size = 14808125, upload-time = "2024-09-29T13:41:34.698Z" }
wheels = [
    { url = "https://files.pythonhosted.org/packages/e1/91/718acf3e2a9d08a6ddcc96bd02a6f63c99ee7ba14afeaff2a51c987df0b9/pygame-2.6.1-cp313-cp313-macosx_10_13_x86_64.whl", hash = "sha256:ae6039f3a55d800db80e8010f387557b528d34d534435e0871326804df2a62f2", size = 13090765, upload-time = "2024-09-29T14:27:02.377Z" },
    { url = "https://files.pythonhosted.org/packages/0e/c6/9cb315de851a7682d9c7568a41ea042ee98d668cb8deadc1dafcab6116f0/pygame-2.6.1-cp313-cp313-macosx_11_0_arm64.whl", hash = "sha256:2a3a1288e2e9b1e5834e425bedd5ba01a3cd4902b5c2bff8ed4a740ccfe98171", size = 12381704, upload-time = "2024-09-29T14:27:10.228Z" },
    { url = "https://files.pythonhosted.org/packages/9f/8f/617a1196e31ae3b46be6949fbaa95b8c93ce15e0544266198c2266cc1b4d/pygame-2.6.1-cp313-cp313-manylinux_2_17_aarch64.manylinux2014_aarch64.whl", hash = "sha256:27eb17e3dc9640e4b4683074f1890e2e879827447770470c2aba9f125f74510b", size = 13581091, upload-time = "2024-09-29T11:30:27.653Z" },
    { url = "https://files.pythonhosted.org/packages/3b/87/2851a564e40a2dad353f1c6e143465d445dab18a95281f9ea458b94f3608/pygame-2.6.1-cp313-cp313-manylinux_2_17_i686.manylinux2014_i686.whl", hash = "sha256:4c1623180e70a03c4a734deb9bac50fc9c82942ae84a3a220779062128e75f3b", size = 14273844, upload-time = "2024-09-29T11:40:04.138Z" },
    { url = "https://files.pythonhosted.org/packages/85/b5/aa23aa2e70bcba42c989c02e7228273c30f3b44b9b264abb93eaeff43ad7/pygame-2.6.1-cp313-cp313-manylinux_2_17_x86_64.manylinux2014_x86_64.whl", hash = "sha256:ef07c0103d79492c21fced9ad68c11c32efa6801ca1920ebfd0f15fb46c78b1c", size = 13951197, upload-time = "2024-09-29T11:40:06.785Z" },
    { url = "https://files.pythonhosted.org/packages/a6/06/29e939b34d3f1354738c7d201c51c250ad7abefefaf6f8332d962ff67c4b/pygame-2.6.1-cp313-cp313-win32.whl", hash = "sha256:3acd8c009317190c2bfd81db681ecef47d5eb108c2151d09596d9c7ea9df5c0e", size = 10249309, upload-time = "2024-09-29T11:10:23.329Z" },
    { url = "https://files.pythonhosted.org/packages/7e/11/17f7f319ca91824b86557e9303e3b7a71991ef17fd45286bf47d7f0a38e6/pygame-2.6.1-cp313-cp313-win_amd64.whl", hash = "sha256:813af4fba5d0b2cb8e58f5d95f7910295c34067dcc290d34f1be59c48bd1ea6a", size = 10620084, upload-time = "2024-09-29T11:48:51.587Z" },
]

[[package]]
name = "pyzmq"
version = "26.4.0"
source = { registry = "https://pypi.org/simple" }
dependencies = [
    { name = "cffi", marker = "implementation_name == 'pypy'" },
]
sdist = { url = "https://files.pythonhosted.org/packages/b1/11/b9213d25230ac18a71b39b3723494e57adebe36e066397b961657b3b41c1/pyzmq-26.4.0.tar.gz", hash = "sha256:4bd13f85f80962f91a651a7356fe0472791a5f7a92f227822b5acf44795c626d", size = 278293, upload-time = "2025-04-04T12:05:44.049Z" }
wheels = [
    { url = "https://files.pythonhosted.org/packages/d7/20/fb2c92542488db70f833b92893769a569458311a76474bda89dc4264bd18/pyzmq-26.4.0-cp313-cp313-macosx_10_15_universal2.whl", hash = "sha256:c43fac689880f5174d6fc864857d1247fe5cfa22b09ed058a344ca92bf5301e3", size = 1339484, upload-time = "2025-04-04T12:04:00.671Z" },
    { url = "https://files.pythonhosted.org/packages/58/29/2f06b9cabda3a6ea2c10f43e67ded3e47fc25c54822e2506dfb8325155d4/pyzmq-26.4.0-cp313-cp313-manylinux_2_17_aarch64.manylinux2014_aarch64.whl", hash = "sha256:902aca7eba477657c5fb81c808318460328758e8367ecdd1964b6330c73cae43", size = 666106, upload-time = "2025-04-04T12:04:02.366Z" },
    { url = "https://files.pythonhosted.org/packages/77/e4/dcf62bd29e5e190bd21bfccaa4f3386e01bf40d948c239239c2f1e726729/pyzmq-26.4.0-cp313-cp313-manylinux_2_17_i686.manylinux2014_i686.whl", hash = "sha256:e5e48a830bfd152fe17fbdeaf99ac5271aa4122521bf0d275b6b24e52ef35eb6", size = 902056, upload-time = "2025-04-04T12:04:03.919Z" },
    { url = "https://files.pythonhosted.org/packages/1a/cf/b36b3d7aea236087d20189bec1a87eeb2b66009731d7055e5c65f845cdba/pyzmq-26.4.0-cp313-cp313-manylinux_2_17_x86_64.manylinux2014_x86_64.whl", hash = "sha256:31be2b6de98c824c06f5574331f805707c667dc8f60cb18580b7de078479891e", size = 860148, upload-time = "2025-04-04T12:04:05.581Z" },
    { url = "https://files.pythonhosted.org/packages/18/a6/f048826bc87528c208e90604c3bf573801e54bd91e390cbd2dfa860e82dc/pyzmq-26.4.0-cp313-cp313-manylinux_2_28_x86_64.whl", hash = "sha256:6332452034be001bbf3206ac59c0d2a7713de5f25bb38b06519fc6967b7cf771", size = 855983, upload-time = "2025-04-04T12:04:07.096Z" },
    { url = "https://files.pythonhosted.org/packages/0a/27/454d34ab6a1d9772a36add22f17f6b85baf7c16e14325fa29e7202ca8ee8/pyzmq-26.4.0-cp313-cp313-musllinux_1_1_aarch64.whl", hash = "sha256:da8c0f5dd352136853e6a09b1b986ee5278dfddfebd30515e16eae425c872b30", size = 1197274, upload-time = "2025-04-04T12:04:08.523Z" },
    { url = "https://files.pythonhosted.org/packages/f4/3d/7abfeab6b83ad38aa34cbd57c6fc29752c391e3954fd12848bd8d2ec0df6/pyzmq-26.4.0-cp313-cp313-musllinux_1_1_i686.whl", hash = "sha256:f4ccc1a0a2c9806dda2a2dd118a3b7b681e448f3bb354056cad44a65169f6d86", size = 1507120, upload-time = "2025-04-04T12:04:10.58Z" },
    { url = "https://files.pythonhosted.org/packages/13/ff/bc8d21dbb9bc8705126e875438a1969c4f77e03fc8565d6901c7933a3d01/pyzmq-26.4.0-cp313-cp313-musllinux_1_1_x86_64.whl", hash = "sha256:1c0b5fceadbab461578daf8d1dcc918ebe7ddd2952f748cf30c7cf2de5d51101", size = 1406738, upload-time = "2025-04-04T12:04:12.509Z" },
    { url = "https://files.pythonhosted.org/packages/f5/5d/d4cd85b24de71d84d81229e3bbb13392b2698432cf8fdcea5afda253d587/pyzmq-26.4.0-cp313-cp313-win32.whl", hash = "sha256:28e2b0ff5ba4b3dd11062d905682bad33385cfa3cc03e81abd7f0822263e6637", size = 577826, upload-time = "2025-04-04T12:04:14.289Z" },
    { url = "https://files.pythonhosted.org/packages/c6/6c/f289c1789d7bb6e5a3b3bef7b2a55089b8561d17132be7d960d3ff33b14e/pyzmq-26.4.0-cp313-cp313-win_amd64.whl", hash = "sha256:23ecc9d241004c10e8b4f49d12ac064cd7000e1643343944a10df98e57bc544b", size = 640406, upload-time = "2025-04-04T12:04:15.757Z" },
    { url = "https://files.pythonhosted.org/packages/b3/99/676b8851cb955eb5236a0c1e9ec679ea5ede092bf8bf2c8a68d7e965cac3/pyzmq-26.4.0-cp313-cp313-win_arm64.whl", hash = "sha256:1edb0385c7f025045d6e0f759d4d3afe43c17a3d898914ec6582e6f464203c08", size = 556216, upload-time = "2025-04-04T12:04:17.212Z" },
    { url = "https://files.pythonhosted.org/packages/65/c2/1fac340de9d7df71efc59d9c50fc7a635a77b103392d1842898dd023afcb/pyzmq-26.4.0-cp313-cp313t-macosx_10_15_universal2.whl", hash = "sha256:93a29e882b2ba1db86ba5dd5e88e18e0ac6b627026c5cfbec9983422011b82d4", size = 1333769, upload-time = "2025-04-04T12:04:18.665Z" },
    { url = "https://files.pythonhosted.org/packages/5c/c7/6c03637e8d742c3b00bec4f5e4cd9d1c01b2f3694c6f140742e93ca637ed/pyzmq-26.4.0-cp313-cp313t-manylinux_2_17_aarch64.manylinux2014_aarch64.whl", hash = "sha256:cb45684f276f57110bb89e4300c00f1233ca631f08f5f42528a5c408a79efc4a", size = 658826, upload-time = "2025-04-04T12:04:20.405Z" },
    { url = "https://files.pythonhosted.org/packages/a5/97/a8dca65913c0f78e0545af2bb5078aebfc142ca7d91cdaffa1fbc73e5dbd/pyzmq-26.4.0-cp313-cp313t-manylinux_2_17_i686.manylinux2014_i686.whl", hash = "sha256:f72073e75260cb301aad4258ad6150fa7f57c719b3f498cb91e31df16784d89b", size = 891650, upload-time = "2025-04-04T12:04:22.413Z" },
    { url = "https://files.pythonhosted.org/packages/7d/7e/f63af1031eb060bf02d033732b910fe48548dcfdbe9c785e9f74a6cc6ae4/pyzmq-26.4.0-cp313-cp313t-manylinux_2_17_x86_64.manylinux2014_x86_64.whl", hash = "sha256:be37e24b13026cfedd233bcbbccd8c0bcd2fdd186216094d095f60076201538d", size = 849776, upload-time = "2025-04-04T12:04:23.959Z" },
    { url = "https://files.pythonhosted.org/packages/f6/fa/1a009ce582802a895c0d5fe9413f029c940a0a8ee828657a3bb0acffd88b/pyzmq-26.4.0-cp313-cp313t-manylinux_2_28_x86_64.whl", hash = "sha256:237b283044934d26f1eeff4075f751b05d2f3ed42a257fc44386d00df6a270cf", size = 842516, upload-time = "2025-04-04T12:04:25.449Z" },
    { url = "https://files.pythonhosted.org/packages/6e/bc/f88b0bad0f7a7f500547d71e99f10336f2314e525d4ebf576a1ea4a1d903/pyzmq-26.4.0-cp313-cp313t-musllinux_1_1_aarch64.whl", hash = "sha256:b30f862f6768b17040929a68432c8a8be77780317f45a353cb17e423127d250c", size = 1189183, upload-time = "2025-04-04T12:04:27.035Z" },
    { url = "https://files.pythonhosted.org/packages/d9/8c/db446a3dd9cf894406dec2e61eeffaa3c07c3abb783deaebb9812c4af6a5/pyzmq-26.4.0-cp313-cp313t-musllinux_1_1_i686.whl", hash = "sha256:c80fcd3504232f13617c6ab501124d373e4895424e65de8b72042333316f64a8", size = 1495501, upload-time = "2025-04-04T12:04:28.833Z" },
    { url = "https://files.pythonhosted.org/packages/05/4c/bf3cad0d64c3214ac881299c4562b815f05d503bccc513e3fd4fdc6f67e4/pyzmq-26.4.0-cp313-cp313t-musllinux_1_1_x86_64.whl", hash = "sha256:26a2a7451606b87f67cdeca2c2789d86f605da08b4bd616b1a9981605ca3a364", size = 1395540, upload-time = "2025-04-04T12:04:30.562Z" },
]

[[package]]
name = "setuptools"
version = "78.1.0"
source = { registry = "https://pypi.org/simple" }
sdist = { url = "https://files.pythonhosted.org/packages/a9/5a/0db4da3bc908df06e5efae42b44e75c81dd52716e10192ff36d0c1c8e379/setuptools-78.1.0.tar.gz", hash = "sha256:18fd474d4a82a5f83dac888df697af65afa82dec7323d09c3e37d1f14288da54", size = 1367827, upload-time = "2025-03-25T22:49:35.332Z" }
wheels = [
    { url = "https://files.pythonhosted.org/packages/54/21/f43f0a1fa8b06b32812e0975981f4677d28e0f3271601dc88ac5a5b83220/setuptools-78.1.0-py3-none-any.whl", hash = "sha256:3e386e96793c8702ae83d17b853fb93d3e09ef82ec62722e61da5cd22376dcd8", size = 1256108, upload-time = "2025-03-25T22:49:33.13Z" },
]

[[package]]
name = "six"
version = "1.17.0"
source = { registry = "https://pypi.org/simple" }
sdist = { url = "https://files.pythonhosted.org/packages/94/e7/b2c673351809dca68a0e064b6af791aa332cf192da575fd474ed7d6f16a2/six-1.17.0.tar.gz", hash = "sha256:ff70335d468e7eb6ec65b95b99d3a2836546063f63acc5171de367e834932a81", size = 34031, upload-time = "2024-12-04T17:35:28.174Z" }
wheels = [
    { url = "https://files.pythonhosted.org/packages/b7/ce/149a00dd41f10bc29e5921b496af8b574d8413afcd5e30dfa0ed46c2cc5e/six-1.17.0-py2.py3-none-any.whl", hash = "sha256:4721f391ed90541fddacab5acf947aa0d3dc7d27b2e1e8eda2be8970586c3274", size = 11050, upload-time = "2024-12-04T17:35:26.475Z" },
]
